{
  "version": 4,
  "terraform_version": "1.5.7",
  "serial": 188,
  "lineage": "a3ea4ac2-50b0-7eb8-b884-8bc076c192e6",
  "outputs": {
    "api_gateway_url": {
      "value": "https://oiks1jrjw2.execute-api.us-east-1.amazonaws.com/dev",
      "type": "string"
    },
    "bedrock_agent_alias_id": {
      "value": null,
      "type": "string"
    },
    "bedrock_agent_id": {
      "value": "QPVURTILVY",
      "type": "string"
    },
    "bedrock_kb_bucket_name": {
      "value": "focusflow-bedrock-kb-dev",
      "type": "string"
    },
    "cloudfront_distribution_id": {
      "value": "E1CP1219GKD5ZW",
      "type": "string"
    },
    "cloudfront_url": {
      "value": "https://d3sy81kn37rion.cloudfront.net",
      "type": "string"
    },
    "data_ingestor_function_name": {
      "value": "focusflow-data-ingestor-dev",
      "type": "string"
    },
    "data_source_id": {
      "value": null,
      "type": "dynamic"
    },
    "frontend_bucket_name": {
      "value": "focusflow-frontend-dev",
      "type": "string"
    },
    "frontend_url": {
      "value": "https://d3sy81kn37rion.cloudfront.net",
      "type": "string"
    },
    "knowledge_base_arn": {
      "value": null,
      "type": "dynamic"
    },
    "knowledge_base_bucket": {
      "value": "focusflow-bedrock-kb-dev",
      "type": "string"
    },
    "knowledge_base_id": {
      "value": null,
      "type": "dynamic"
    },
    "metrics_calculator_function_name": {
      "value": null,
      "type": "string"
    },
    "profiles_table_name": {
      "value": "focusflow-profiles-dev",
      "type": "string"
    },
    "reports_table_name": {
      "value": "focusflow-reports-dev",
      "type": "string"
    },
    "s3_bucket_name": {
      "value": "focusflow-sessions-dev",
      "type": "string"
    },
    "users_table_name": {
      "value": "focusflow-users-dev",
      "type": "string"
    }
  },
  "resources": [
    {
      "module": "module.api_gateway",
      "mode": "managed",
      "type": "aws_apigatewayv2_api",
      "name": "main",
      "provider": "provider[\"registry.terraform.io/hashicorp/aws\"]",
      "instances": [
        {
          "schema_version": 0,
          "attributes": {
            "api_endpoint": "https://oiks1jrjw2.execute-api.us-east-1.amazonaws.com",
            "api_key_selection_expression": "$request.header.x-api-key",
            "arn": "arn:aws:apigateway:us-east-1::/apis/oiks1jrjw2",
            "body": null,
            "cors_configuration": [
              {
                "allow_credentials": false,
                "allow_headers": [
                  "authorization",
                  "content-type",
                  "x-requested-with"
                ],
                "allow_methods": [
                  "DELETE",
                  "GET",
                  "OPTIONS",
                  "POST",
                  "PUT"
                ],
                "allow_origins": [
                  "*"
                ],
                "expose_headers": [
                  "*"
                ],
                "max_age": 3600
              }
            ],
            "credentials_arn": null,
            "description": "",
            "disable_execute_api_endpoint": false,
            "execution_arn": "arn:aws:execute-api:us-east-1:394686422000:oiks1jrjw2",
            "fail_on_warnings": null,
            "id": "oiks1jrjw2",
            "ip_address_type": "ipv4",
            "name": "focusflow-api-dev",
            "protocol_type": "HTTP",
            "route_key": null,
            "route_selection_expression": "$request.method $request.path",
            "tags": {},
            "tags_all": {
              "Environment": "dev",
              "ManagedBy": "Terraform",
              "Project": "FocusFlow-AI"
            },
            "target": null,
            "version": ""
          },
          "sensitive_attributes": [],
          "private": "bnVsbA=="
        }
      ]
    },
    {
      "module": "module.api_gateway",
      "mode": "managed",
      "type": "aws_apigatewayv2_integration",
      "name": "create_profile",
      "provider": "provider[\"registry.terraform.io/hashicorp/aws\"]",
      "instances": [
        {
          "schema_version": 0,
          "attributes": {
            "api_id": "oiks1jrjw2",
            "connection_id": "",
            "connection_type": "INTERNET",
            "content_handling_strategy": "",
            "credentials_arn": "",
            "description": "",
            "id": "ewsco5a",
            "integration_method": "POST",
            "integration_response_selection_expression": "",
            "integration_subtype": "",
            "integration_type": "AWS_PROXY",
            "integration_uri": "arn:aws:apigateway:us-east-1:lambda:path/2015-03-31/functions/arn:aws:lambda:us-east-1:394686422000:function:focusflow-create-profile-dev/invocations",
            "passthrough_behavior": "",
            "payload_format_version": "1.0",
            "request_parameters": {},
            "request_templates": {},
            "response_parameters": [],
            "template_selection_expression": "",
            "timeout_milliseconds": 30000,
            "tls_config": []
          },
          "sensitive_attributes": [],
          "private": "bnVsbA==",
          "dependencies": [
            "module.api_gateway.aws_apigatewayv2_api.main",
            "module.dynamodb.aws_dynamodb_table.profiles",
            "module.lambda.aws_iam_role.lambda_role",
            "module.lambda.aws_lambda_function.create_profile",
            "module.lambda.data.archive_file.create_profile"
          ]
        }
      ]
    },
    {
      "module": "module.api_gateway",
      "mode": "managed",
      "type": "aws_apigatewayv2_integration",
      "name": "data_ingestor",
      "provider": "provider[\"registry.terraform.io/hashicorp/aws\"]",
      "instances": [
        {
          "schema_version": 0,
          "attributes": {
            "api_id": "oiks1jrjw2",
            "connection_id": "",
            "connection_type": "INTERNET",
            "content_handling_strategy": "",
            "credentials_arn": "",
            "description": "",
            "id": "tyt6jhg",
            "integration_method": "POST",
            "integration_response_selection_expression": "",
            "integration_subtype": "",
            "integration_type": "AWS_PROXY",
            "integration_uri": "arn:aws:apigateway:us-east-1:lambda:path/2015-03-31/functions/arn:aws:lambda:us-east-1:394686422000:function:focusflow-data-ingestor-dev/invocations",
            "passthrough_behavior": "",
            "payload_format_version": "1.0",
            "request_parameters": null,
            "request_templates": null,
            "response_parameters": [],
            "template_selection_expression": "",
            "timeout_milliseconds": 30000,
            "tls_config": []
          },
          "sensitive_attributes": [],
          "private": "bnVsbA==",
          "dependencies": [
            "module.api_gateway.aws_apigatewayv2_api.main",
            "module.dynamodb.aws_dynamodb_table.users",
            "module.lambda.aws_iam_role.lambda_role",
            "module.lambda.aws_lambda_function.data_ingestor",
            "module.lambda.data.archive_file.data_ingestor",
            "module.s3.aws_s3_bucket.sessions"
          ]
        }
      ]
    },
    {
      "module": "module.api_gateway",
      "mode": "managed",
      "type": "aws_apigatewayv2_integration",
      "name": "delete_profile",
      "provider": "provider[\"registry.terraform.io/hashicorp/aws\"]",
      "instances": [
        {
          "schema_version": 0,
          "attributes": {
            "api_id": "oiks1jrjw2",
            "connection_id": "",
            "connection_type": "INTERNET",
            "content_handling_strategy": "",
            "credentials_arn": "",
            "description": "",
            "id": "d4fvc0n",
            "integration_method": "POST",
            "integration_response_selection_expression": "",
            "integration_subtype": "",
            "integration_type": "AWS_PROXY",
            "integration_uri": "arn:aws:apigateway:us-east-1:lambda:path/2015-03-31/functions/arn:aws:lambda:us-east-1:394686422000:function:focusflow-delete-profile-dev/invocations",
            "passthrough_behavior": "",
            "payload_format_version": "1.0",
            "request_parameters": {},
            "request_templates": {},
            "response_parameters": [],
            "template_selection_expression": "",
            "timeout_milliseconds": 30000,
            "tls_config": []
          },
          "sensitive_attributes": [],
          "private": "bnVsbA==",
          "dependencies": [
            "module.api_gateway.aws_apigatewayv2_api.main",
            "module.dynamodb.aws_dynamodb_table.profiles",
            "module.lambda.aws_iam_role.lambda_role",
            "module.lambda.aws_lambda_function.delete_profile",
            "module.lambda.data.archive_file.delete_profile"
          ]
        }
      ]
    },
    {
      "module": "module.api_gateway",
      "mode": "managed",
      "type": "aws_apigatewayv2_integration",
      "name": "get_profiles",
      "provider": "provider[\"registry.terraform.io/hashicorp/aws\"]",
      "instances": [
        {
          "schema_version": 0,
          "attributes": {
            "api_id": "oiks1jrjw2",
            "connection_id": "",
            "connection_type": "INTERNET",
            "content_handling_strategy": "",
            "credentials_arn": "",
            "description": "",
            "id": "rjqdti2",
            "integration_method": "POST",
            "integration_response_selection_expression": "",
            "integration_subtype": "",
            "integration_type": "AWS_PROXY",
            "integration_uri": "arn:aws:apigateway:us-east-1:lambda:path/2015-03-31/functions/arn:aws:lambda:us-east-1:394686422000:function:focusflow-get-profiles-dev/invocations",
            "passthrough_behavior": "",
            "payload_format_version": "1.0",
            "request_parameters": {},
            "request_templates": {},
            "response_parameters": [],
            "template_selection_expression": "",
            "timeout_milliseconds": 30000,
            "tls_config": []
          },
          "sensitive_attributes": [],
          "private": "bnVsbA==",
          "dependencies": [
            "module.api_gateway.aws_apigatewayv2_api.main",
            "module.dynamodb.aws_dynamodb_table.profiles",
            "module.lambda.aws_iam_role.lambda_role",
            "module.lambda.aws_lambda_function.get_profiles",
            "module.lambda.data.archive_file.get_profiles"
          ]
        }
      ]
    },
    {
      "module": "module.api_gateway",
      "mode": "managed",
      "type": "aws_apigatewayv2_integration",
      "name": "get_reports",
      "provider": "provider[\"registry.terraform.io/hashicorp/aws\"]",
      "instances": [
        {
          "schema_version": 0,
          "attributes": {
            "api_id": "oiks1jrjw2",
            "connection_id": "",
            "connection_type": "INTERNET",
            "content_handling_strategy": "",
            "credentials_arn": "",
            "description": "",
            "id": "o18ptwd",
            "integration_method": "POST",
            "integration_response_selection_expression": "",
            "integration_subtype": "",
            "integration_type": "AWS_PROXY",
            "integration_uri": "arn:aws:apigateway:us-east-1:lambda:path/2015-03-31/functions/arn:aws:lambda:us-east-1:394686422000:function:focusflow-get-reports-dev/invocations",
            "passthrough_behavior": "",
            "payload_format_version": "1.0",
            "request_parameters": null,
            "request_templates": null,
            "response_parameters": [],
            "template_selection_expression": "",
            "timeout_milliseconds": 30000,
            "tls_config": []
          },
          "sensitive_attributes": [],
          "private": "bnVsbA==",
          "dependencies": [
            "module.api_gateway.aws_apigatewayv2_api.main",
            "module.dynamodb.aws_dynamodb_table.reports",
            "module.lambda.aws_iam_role.lambda_role",
            "module.lambda.aws_lambda_function.get_reports",
            "module.lambda.data.archive_file.get_reports"
          ]
        }
      ]
    },
    {
      "module": "module.api_gateway",
      "mode": "managed",
      "type": "aws_apigatewayv2_route",
      "name": "create_profile",
      "provider": "provider[\"registry.terraform.io/hashicorp/aws\"]",
      "instances": [
        {
          "schema_version": 0,
          "attributes": {
            "api_id": "oiks1jrjw2",
            "api_key_required": false,
            "authorization_scopes": [],
            "authorization_type": "NONE",
            "authorizer_id": "",
            "id": "eommx8j",
            "model_selection_expression": "",
            "operation_name": "",
            "request_models": {},
            "request_parameter": [],
            "route_key": "POST /profiles",
            "route_response_selection_expression": "",
            "target": "integrations/ewsco5a"
          },
          "sensitive_attributes": [],
          "private": "bnVsbA==",
          "dependencies": [
            "module.api_gateway.aws_apigatewayv2_api.main",
            "module.api_gateway.aws_apigatewayv2_integration.create_profile",
            "module.dynamodb.aws_dynamodb_table.profiles",
            "module.lambda.aws_iam_role.lambda_role",
            "module.lambda.aws_lambda_function.create_profile",
            "module.lambda.data.archive_file.create_profile"
          ]
        }
      ]
    },
    {
      "module": "module.api_gateway",
      "mode": "managed",
      "type": "aws_apigatewayv2_route",
      "name": "delete_profile",
      "provider": "provider[\"registry.terraform.io/hashicorp/aws\"]",
      "instances": [
        {
          "schema_version": 0,
          "attributes": {
            "api_id": "oiks1jrjw2",
            "api_key_required": false,
            "authorization_scopes": [],
            "authorization_type": "NONE",
            "authorizer_id": "",
            "id": "ohirwwp",
            "model_selection_expression": "",
            "operation_name": "",
            "request_models": {},
            "request_parameter": [],
            "route_key": "DELETE /profiles/{therapistId}/{profileId}",
            "route_response_selection_expression": "",
            "target": "integrations/d4fvc0n"
          },
          "sensitive_attributes": [],
          "private": "bnVsbA==",
          "dependencies": [
            "module.api_gateway.aws_apigatewayv2_api.main",
            "module.api_gateway.aws_apigatewayv2_integration.delete_profile",
            "module.dynamodb.aws_dynamodb_table.profiles",
            "module.lambda.aws_iam_role.lambda_role",
            "module.lambda.aws_lambda_function.delete_profile",
            "module.lambda.data.archive_file.delete_profile"
          ]
        }
      ]
    },
    {
      "module": "module.api_gateway",
      "mode": "managed",
      "type": "aws_apigatewayv2_route",
      "name": "get_profiles",
      "provider": "provider[\"registry.terraform.io/hashicorp/aws\"]",
      "instances": [
        {
          "schema_version": 0,
          "attributes": {
            "api_id": "oiks1jrjw2",
            "api_key_required": false,
            "authorization_scopes": [],
            "authorization_type": "NONE",
            "authorizer_id": "",
            "id": "j8wy9xq",
            "model_selection_expression": "",
            "operation_name": "",
            "request_models": {},
            "request_parameter": [],
            "route_key": "GET /profiles/{therapistId}",
            "route_response_selection_expression": "",
            "target": "integrations/rjqdti2"
          },
          "sensitive_attributes": [],
          "private": "bnVsbA==",
          "dependencies": [
            "module.api_gateway.aws_apigatewayv2_api.main",
            "module.api_gateway.aws_apigatewayv2_integration.get_profiles",
            "module.dynamodb.aws_dynamodb_table.profiles",
            "module.lambda.aws_iam_role.lambda_role",
            "module.lambda.aws_lambda_function.get_profiles",
            "module.lambda.data.archive_file.get_profiles"
          ]
        }
      ]
    },
    {
      "module": "module.api_gateway",
      "mode": "managed",
      "type": "aws_apigatewayv2_route",
      "name": "get_reports",
      "provider": "provider[\"registry.terraform.io/hashicorp/aws\"]",
      "instances": [
        {
          "schema_version": 0,
          "attributes": {
            "api_id": "oiks1jrjw2",
            "api_key_required": false,
            "authorization_scopes": null,
            "authorization_type": "NONE",
            "authorizer_id": "",
            "id": "39ij6tq",
            "model_selection_expression": "",
            "operation_name": "",
            "request_models": null,
            "request_parameter": [],
            "route_key": "GET /reports/{userId}",
            "route_response_selection_expression": "",
            "target": "integrations/o18ptwd"
          },
          "sensitive_attributes": [],
          "private": "bnVsbA==",
          "dependencies": [
            "module.api_gateway.aws_apigatewayv2_api.main",
            "module.api_gateway.aws_apigatewayv2_integration.get_reports",
            "module.dynamodb.aws_dynamodb_table.reports",
            "module.lambda.aws_iam_role.lambda_role",
            "module.lambda.aws_lambda_function.get_reports",
            "module.lambda.data.archive_file.get_reports"
          ]
        }
      ]
    },
    {
      "module": "module.api_gateway",
      "mode": "managed",
      "type": "aws_apigatewayv2_route",
      "name": "submit_session",
      "provider": "provider[\"registry.terraform.io/hashicorp/aws\"]",
      "instances": [
        {
          "schema_version": 0,
          "attributes": {
            "api_id": "oiks1jrjw2",
            "api_key_required": false,
            "authorization_scopes": null,
            "authorization_type": "NONE",
            "authorizer_id": "",
            "id": "pzhrf5v",
            "model_selection_expression": "",
            "operation_name": "",
            "request_models": null,
            "request_parameter": [],
            "route_key": "POST /submit-session",
            "route_response_selection_expression": "",
            "target": "integrations/tyt6jhg"
          },
          "sensitive_attributes": [],
          "private": "bnVsbA==",
          "dependencies": [
            "module.api_gateway.aws_apigatewayv2_api.main",
            "module.api_gateway.aws_apigatewayv2_integration.data_ingestor",
            "module.dynamodb.aws_dynamodb_table.users",
            "module.lambda.aws_iam_role.lambda_role",
            "module.lambda.aws_lambda_function.data_ingestor",
            "module.lambda.data.archive_file.data_ingestor",
            "module.s3.aws_s3_bucket.sessions"
          ]
        }
      ]
    },
    {
      "module": "module.api_gateway",
      "mode": "managed",
      "type": "aws_apigatewayv2_stage",
      "name": "main",
      "provider": "provider[\"registry.terraform.io/hashicorp/aws\"]",
      "instances": [
        {
          "schema_version": 0,
          "attributes": {
            "access_log_settings": [],
            "api_id": "oiks1jrjw2",
            "arn": "arn:aws:apigateway:us-east-1::/apis/oiks1jrjw2/stages/dev",
            "auto_deploy": true,
            "client_certificate_id": "",
            "default_route_settings": [
              {
                "data_trace_enabled": false,
                "detailed_metrics_enabled": false,
                "logging_level": "",
                "throttling_burst_limit": 0,
                "throttling_rate_limit": 0
              }
            ],
            "deployment_id": "7nqwn0",
            "description": "",
            "execution_arn": "arn:aws:execute-api:us-east-1:394686422000:oiks1jrjw2/dev",
            "id": "dev",
            "invoke_url": "https://oiks1jrjw2.execute-api.us-east-1.amazonaws.com/dev",
            "name": "dev",
            "route_settings": [],
            "stage_variables": {},
            "tags": {},
            "tags_all": {}
          },
          "sensitive_attributes": [],
          "private": "eyJzY2hlbWFfdmVyc2lvbiI6IjAifQ=="
        }
      ]
    },
    {
      "module": "module.api_gateway",
      "mode": "managed",
      "type": "aws_cloudwatch_log_group",
      "name": "api_logs",
      "provider": "provider[\"registry.terraform.io/hashicorp/aws\"]",
      "instances": [
        {
          "schema_version": 0,
          "attributes": {
            "arn": "arn:aws:logs:us-east-1:394686422000:log-group:/aws/apigateway/focusflow-dev",
            "id": "/aws/apigateway/focusflow-dev",
            "kms_key_id": "",
            "log_group_class": "STANDARD",
            "name": "/aws/apigateway/focusflow-dev",
            "name_prefix": "",
            "retention_in_days": 7,
            "skip_destroy": false,
            "tags": {},
            "tags_all": {
              "Environment": "dev",
              "ManagedBy": "Terraform",
              "Project": "FocusFlow-AI"
            }
          },
          "sensitive_attributes": [],
          "private": "eyJzY2hlbWFfdmVyc2lvbiI6IjAifQ=="
        }
      ]
    },
    {
      "module": "module.api_gateway",
      "mode": "managed",
      "type": "aws_lambda_permission",
      "name": "create_profile",
      "provider": "provider[\"registry.terraform.io/hashicorp/aws\"]",
      "instances": [
        {
          "schema_version": 0,
          "attributes": {
            "action": "lambda:InvokeFunction",
            "event_source_token": null,
            "function_name": "focusflow-create-profile-dev",
            "function_url_auth_type": null,
            "id": "AllowAPIGatewayInvoke",
            "principal": "apigateway.amazonaws.com",
            "principal_org_id": null,
            "qualifier": "",
            "source_account": null,
            "source_arn": "arn:aws:execute-api:us-east-1:394686422000:oiks1jrjw2/*/*",
            "statement_id": "AllowAPIGatewayInvoke",
            "statement_id_prefix": ""
          },
          "sensitive_attributes": [],
          "private": "bnVsbA==",
          "dependencies": [
            "module.api_gateway.aws_apigatewayv2_api.main",
            "module.dynamodb.aws_dynamodb_table.profiles",
            "module.lambda.aws_iam_role.lambda_role",
            "module.lambda.aws_lambda_function.create_profile",
            "module.lambda.data.archive_file.create_profile"
          ]
        }
      ]
    },
    {
      "module": "module.api_gateway",
      "mode": "managed",
      "type": "aws_lambda_permission",
      "name": "delete_profile",
      "provider": "provider[\"registry.terraform.io/hashicorp/aws\"]",
      "instances": [
        {
          "schema_version": 0,
          "attributes": {
            "action": "lambda:InvokeFunction",
            "event_source_token": null,
            "function_name": "focusflow-delete-profile-dev",
            "function_url_auth_type": null,
            "id": "AllowAPIGatewayInvoke",
            "principal": "apigateway.amazonaws.com",
            "principal_org_id": null,
            "qualifier": "",
            "source_account": null,
            "source_arn": "arn:aws:execute-api:us-east-1:394686422000:oiks1jrjw2/*/*",
            "statement_id": "AllowAPIGatewayInvoke",
            "statement_id_prefix": ""
          },
          "sensitive_attributes": [],
          "private": "bnVsbA==",
          "dependencies": [
            "module.api_gateway.aws_apigatewayv2_api.main",
            "module.dynamodb.aws_dynamodb_table.profiles",
            "module.lambda.aws_iam_role.lambda_role",
            "module.lambda.aws_lambda_function.delete_profile",
            "module.lambda.data.archive_file.delete_profile"
          ]
        }
      ]
    },
    {
      "module": "module.api_gateway",
      "mode": "managed",
      "type": "aws_lambda_permission",
      "name": "get_profiles",
      "provider": "provider[\"registry.terraform.io/hashicorp/aws\"]",
      "instances": [
        {
          "schema_version": 0,
          "attributes": {
            "action": "lambda:InvokeFunction",
            "event_source_token": null,
            "function_name": "focusflow-get-profiles-dev",
            "function_url_auth_type": null,
            "id": "AllowAPIGatewayInvoke",
            "principal": "apigateway.amazonaws.com",
            "principal_org_id": null,
            "qualifier": "",
            "source_account": null,
            "source_arn": "arn:aws:execute-api:us-east-1:394686422000:oiks1jrjw2/*/*",
            "statement_id": "AllowAPIGatewayInvoke",
            "statement_id_prefix": ""
          },
          "sensitive_attributes": [],
          "private": "bnVsbA==",
          "dependencies": [
            "module.api_gateway.aws_apigatewayv2_api.main",
            "module.dynamodb.aws_dynamodb_table.profiles",
            "module.lambda.aws_iam_role.lambda_role",
            "module.lambda.aws_lambda_function.get_profiles",
            "module.lambda.data.archive_file.get_profiles"
          ]
        }
      ]
    },
    {
      "module": "module.bedrock",
      "mode": "data",
      "type": "aws_caller_identity",
      "name": "current",
      "provider": "provider[\"registry.terraform.io/hashicorp/aws\"]",
      "instances": [
        {
          "schema_version": 0,
          "attributes": {
            "account_id": "394686422000",
            "arn": "arn:aws:iam::394686422000:root",
            "id": "394686422000",
            "user_id": "394686422000"
          },
          "sensitive_attributes": []
        }
      ]
    },
    {
      "module": "module.bedrock",
      "mode": "data",
      "type": "aws_region",
      "name": "current",
      "provider": "provider[\"registry.terraform.io/hashicorp/aws\"]",
      "instances": [
        {
          "schema_version": 0,
          "attributes": {
            "description": "US East (N. Virginia)",
            "endpoint": "ec2.us-east-1.amazonaws.com",
            "id": "us-east-1",
            "name": "us-east-1"
          },
          "sensitive_attributes": []
        }
      ]
    },
    {
      "module": "module.bedrock",
      "mode": "managed",
      "type": "aws_bedrockagent_agent",
      "name": "focusflow",
      "provider": "provider[\"registry.terraform.io/hashicorp/aws\"]",
      "instances": [
        {
          "schema_version": 0,
          "attributes": {
            "agent_arn": "arn:aws:bedrock:us-east-1:394686422000:agent/QPVURTILVY",
            "agent_collaboration": "DISABLED",
            "agent_id": "QPVURTILVY",
            "agent_name": "focusflow-agent-dev",
            "agent_resource_role_arn": "arn:aws:iam::394686422000:role/focusflow-bedrock-agent-role-dev",
            "agent_version": null,
            "customer_encryption_key_arn": null,
            "description": "AI agent for analyzing eye-tracking session data and generating therapeutic insights",
            "foundation_model": "anthropic.claude-sonnet-4-5-20250929-v1:0",
            "guardrail_configuration": null,
            "id": "QPVURTILVY",
            "idle_session_ttl_in_seconds": 600,
            "instruction": "You are an expert child development specialist and therapist analyzing eye-tracking data from FocusFlow AI, a therapeutic tool for children with special needs (Autism Spectrum, ADHD).\n\nYour role is to:\n1. Analyze the performance metrics from the session\n2. Compare them against age-appropriate benchmarks\n3. Search relevant research papers to provide scientific context\n4. Generate a warm, encouraging, and actionable report for parents and therapists\n5. Highlight strengths and areas for improvement\n6. Provide specific, practical recommendations backed by research\n\nGuidelines:\n- Use positive, supportive language\n- Celebrate progress and effort\n- Be specific about what the child did well\n- Frame challenges as opportunities for growth\n- Provide 2-3 actionable recommendations\n- Keep the tone professional but warm and accessible\n- Avoid medical diagnoses or clinical terminology\n- Focus on observable behaviors and progress\n\nResearch Integration:\n- Use the ResearchLookup action to search for relevant scientific context\n- Search for topics like: \"fixation duration cognitive load\", \"saccade patterns attention\", \"eye tracking accuracy children\"\n- Incorporate research findings naturally into your analysis\n- Cite research when explaining metrics or making recommendations\n- Use research to validate observations and provide context\n- Example: \"Research shows that fixation duration of 250-300ms is typical for focused attention tasks\"\n\nReport Structure:\n1. Session Summary (level, duration, date)\n2. Performance Highlights (what went well)\n3. Key Metrics (with context and interpretation)\n4. Areas for Development (framed positively)\n5. Recommendations (specific, actionable steps)\n6. Progress Comparison (if previous sessions exist)\n\nRemember: Parents and therapists are looking for:\n- Clear, understandable insights\n- Encouragement and validation\n- Practical next steps\n- Evidence of progress over time\n\nAlways maintain a hopeful, supportive tone while being honest about the data.\n",
            "memory_configuration": null,
            "prepare_agent": true,
            "prepared_at": "2025-10-19T01:54:29Z",
            "prompt_override_configuration": [
              {
                "override_lambda": null,
                "prompt_configurations": null
              }
            ],
            "skip_resource_in_use_check": false,
            "tags": {
              "Name": "focusflow-agent-dev"
            },
            "tags_all": {
              "Environment": "dev",
              "ManagedBy": "Terraform",
              "Name": "focusflow-agent-dev",
              "Project": "FocusFlow-AI"
            },
            "timeouts": null
          },
          "sensitive_attributes": [],
          "dependencies": [
            "module.bedrock.aws_iam_role.bedrock_agent",
            "module.bedrock.data.aws_caller_identity.current",
            "module.bedrock.data.aws_region.current"
          ]
        }
      ]
    },
    {
      "module": "module.bedrock",
      "mode": "managed",
      "type": "aws_bedrockagent_agent_action_group",
      "name": "research_lookup",
      "provider": "provider[\"registry.terraform.io/hashicorp/aws\"]",
      "instances": [
        {
          "schema_version": 0,
          "attributes": {
            "action_group_executor": [
              {
                "custom_control": null,
                "lambda": "arn:aws:lambda:us-east-1:394686422000:function:focusflow-research-rag-dev"
              }
            ],
            "action_group_id": "DRCRERTGUT",
            "action_group_name": "ResearchLookup",
            "action_group_state": "ENABLED",
            "agent_id": "QPVURTILVY",
            "agent_version": "DRAFT",
            "api_schema": [
              {
                "payload": "{\"info\":{\"description\":\"API for searching research papers and retrieving relevant scientific context\",\"title\":\"Research Lookup API\",\"version\":\"1.0.0\"},\"openapi\":\"3.0.0\",\"paths\":{\"/search-research\":{\"post\":{\"description\":\"Searches through eye-tracking research papers to find relevant scientific context, studies, and findings related to the query\",\"operationId\":\"searchResearch\",\"requestBody\":{\"content\":{\"application/json\":{\"schema\":{\"properties\":{\"query\":{\"description\":\"The research question or topic to search for (e.g., 'fixation duration cognitive load', 'saccade velocity attention')\",\"type\":\"string\"},\"topK\":{\"default\":5,\"description\":\"Number of results to return (default: 5, max: 10)\",\"maximum\":10,\"minimum\":1,\"type\":\"integer\"}},\"required\":[\"query\"],\"type\":\"object\"}}},\"required\":true},\"responses\":{\"200\":{\"content\":{\"application/json\":{\"schema\":{\"properties\":{\"context\":{\"description\":\"Formatted research context with citations and relevance scores\",\"type\":\"string\"},\"query\":{\"description\":\"The original query\",\"type\":\"string\"},\"resultsCount\":{\"description\":\"Number of research findings returned\",\"type\":\"integer\"}},\"type\":\"object\"}}},\"description\":\"Successful response with research context\"}},\"summary\":\"Search research papers for relevant information\"}}}}",
                "s3": []
              }
            ],
            "description": "Search research papers for relevant scientific context",
            "function_schema": [],
            "id": "DRCRERTGUT,QPVURTILVY,DRAFT",
            "parent_action_group_signature": null,
            "prepare_agent": true,
            "skip_resource_in_use_check": false,
            "timeouts": null
          },
          "sensitive_attributes": [],
          "dependencies": [
            "module.bedrock.aws_bedrockagent_agent.focusflow",
            "module.bedrock.aws_iam_role.bedrock_agent",
            "module.bedrock.data.aws_caller_identity.current",
            "module.bedrock.data.aws_region.current"
          ]
        }
      ]
    },
    {
      "module": "module.bedrock",
      "mode": "managed",
      "type": "aws_db_instance",
      "name": "kb_postgres",
      "provider": "provider[\"registry.terraform.io/hashicorp/aws\"]",
      "instances": [
        {
          "schema_version": 2,
          "attributes": {
            "address": "focusflow-kb-postgres-dev.c29q2esesrx4.us-east-1.rds.amazonaws.com",
            "allocated_storage": 20,
            "allow_major_version_upgrade": null,
            "apply_immediately": false,
            "arn": "arn:aws:rds:us-east-1:394686422000:db:focusflow-kb-postgres-dev",
            "auto_minor_version_upgrade": true,
            "availability_zone": "us-east-1a",
            "backup_retention_period": 7,
            "backup_target": "region",
            "backup_window": "03:00-04:00",
            "blue_green_update": [],
            "ca_cert_identifier": "rds-ca-rsa2048-g1",
            "character_set_name": "",
            "copy_tags_to_snapshot": false,
            "custom_iam_instance_profile": "",
            "customer_owned_ip_enabled": false,
            "database_insights_mode": "standard",
            "db_name": "knowledge_base",
            "db_subnet_group_name": "focusflow-kb-postgres-dev",
            "dedicated_log_volume": false,
            "delete_automated_backups": true,
            "deletion_protection": false,
            "domain": "",
            "domain_auth_secret_arn": "",
            "domain_dns_ips": [],
            "domain_fqdn": "",
            "domain_iam_role_name": "",
            "domain_ou": "",
            "enabled_cloudwatch_logs_exports": [
              "postgresql"
            ],
            "endpoint": "focusflow-kb-postgres-dev.c29q2esesrx4.us-east-1.rds.amazonaws.com:5432",
            "engine": "postgres",
            "engine_lifecycle_support": "open-source-rds-extended-support",
            "engine_version": "15.8",
            "engine_version_actual": "15.8",
            "final_snapshot_identifier": null,
            "hosted_zone_id": "Z2R2ITUGPM61AM",
            "iam_database_authentication_enabled": false,
            "id": "db-Y6SQ7G2GGXFQTWRN6PSHYOQWEI",
            "identifier": "focusflow-kb-postgres-dev",
            "identifier_prefix": "",
            "instance_class": "db.t3.micro",
            "iops": 3000,
            "kms_key_id": "arn:aws:kms:us-east-1:394686422000:key/55bd324f-2b3c-4e21-b6fa-662baa987b73",
            "latest_restorable_time": "2025-10-19T02:10:07Z",
            "license_model": "postgresql-license",
            "listener_endpoint": [],
            "maintenance_window": "mon:04:00-mon:05:00",
            "manage_master_user_password": null,
            "master_user_secret": [],
            "master_user_secret_kms_key_id": null,
            "max_allocated_storage": 100,
            "monitoring_interval": 0,
            "monitoring_role_arn": "",
            "multi_az": false,
            "nchar_character_set_name": "",
            "network_type": "IPV4",
            "option_group_name": "default:postgres-15",
            "parameter_group_name": "default.postgres15",
            "password": "E$:zt#\u003crN:mdQ]?lI$6Ix!A2M+x0JYYz",
            "password_wo": null,
            "password_wo_version": null,
            "performance_insights_enabled": false,
            "performance_insights_kms_key_id": "",
            "performance_insights_retention_period": 0,
            "port": 5432,
            "publicly_accessible": false,
            "replica_mode": "",
            "replicas": [],
            "replicate_source_db": "",
            "resource_id": "db-Y6SQ7G2GGXFQTWRN6PSHYOQWEI",
            "restore_to_point_in_time": [],
            "s3_import": [],
            "skip_final_snapshot": true,
            "snapshot_identifier": null,
            "status": "available",
            "storage_encrypted": true,
            "storage_throughput": 125,
            "storage_type": "gp3",
            "tags": {
              "Environment": "dev",
              "Name": "focusflow-kb-postgres-dev"
            },
            "tags_all": {
              "Environment": "dev",
              "ManagedBy": "Terraform",
              "Name": "focusflow-kb-postgres-dev",
              "Project": "FocusFlow-AI"
            },
            "timeouts": null,
            "timezone": "",
            "upgrade_storage_config": null,
            "username": "kbadmin",
            "vpc_security_group_ids": [
              "sg-0866049dc3a9b0e00"
            ]
          },
          "sensitive_attributes": [
            [
              {
                "type": "get_attr",
                "value": "password"
              }
            ]
          ],
          "private": "eyJlMmJmYjczMC1lY2FhLTExZTYtOGY4OC0zNDM2M2JjN2M0YzAiOnsiY3JlYXRlIjozMDAwMDAwMDAwMDAwLCJkZWxldGUiOjM2MDAwMDAwMDAwMDAsInVwZGF0ZSI6NDgwMDAwMDAwMDAwMH0sInNjaGVtYV92ZXJzaW9uIjoiMiJ9",
          "dependencies": [
            "module.bedrock.aws_db_subnet_group.kb_postgres",
            "module.bedrock.aws_security_group.kb_postgres",
            "module.bedrock.random_password.kb_postgres",
            "module.vpc.aws_subnet.private",
            "module.vpc.aws_vpc.main",
            "module.vpc.data.aws_availability_zones.available"
          ]
        }
      ]
    },
    {
      "module": "module.bedrock",
      "mode": "managed",
      "type": "aws_db_subnet_group",
      "name": "kb_postgres",
      "provider": "provider[\"registry.terraform.io/hashicorp/aws\"]",
      "instances": [
        {
          "schema_version": 0,
          "attributes": {
            "arn": "arn:aws:rds:us-east-1:394686422000:subgrp:focusflow-kb-postgres-dev",
            "description": "Managed by Terraform",
            "id": "focusflow-kb-postgres-dev",
            "name": "focusflow-kb-postgres-dev",
            "name_prefix": "",
            "subnet_ids": [
              "subnet-0c72da709761d0204",
              "subnet-0dd6ad8f01aa39598"
            ],
            "supported_network_types": [
              "IPV4"
            ],
            "tags": {
              "Environment": "dev",
              "Name": "focusflow-kb-postgres-dev"
            },
            "tags_all": {
              "Environment": "dev",
              "ManagedBy": "Terraform",
              "Name": "focusflow-kb-postgres-dev",
              "Project": "FocusFlow-AI"
            },
            "vpc_id": "vpc-01adc33242b5d4d5c"
          },
          "sensitive_attributes": [],
          "private": "bnVsbA==",
          "dependencies": [
            "module.vpc.aws_subnet.private",
            "module.vpc.aws_vpc.main",
            "module.vpc.data.aws_availability_zones.available"
          ]
        }
      ]
    },
    {
      "module": "module.bedrock",
      "mode": "managed",
      "type": "aws_iam_role",
      "name": "bedrock_agent",
      "provider": "provider[\"registry.terraform.io/hashicorp/aws\"]",
      "instances": [
        {
          "schema_version": 0,
          "attributes": {
            "arn": "arn:aws:iam::394686422000:role/focusflow-bedrock-agent-role-dev",
            "assume_role_policy": "{\"Statement\":[{\"Action\":\"sts:AssumeRole\",\"Condition\":{\"ArnLike\":{\"aws:SourceArn\":\"arn:aws:bedrock:us-east-1:394686422000:agent/*\"},\"StringEquals\":{\"aws:SourceAccount\":\"394686422000\"}},\"Effect\":\"Allow\",\"Principal\":{\"Service\":\"bedrock.amazonaws.com\"}}],\"Version\":\"2012-10-17\"}",
            "create_date": "2025-10-16T03:15:13Z",
            "description": "",
            "force_detach_policies": false,
            "id": "focusflow-bedrock-agent-role-dev",
            "inline_policy": [
              {
                "name": "focusflow-bedrock-kb-policy-dev",
                "policy": "{\"Version\":\"2012-10-17\",\"Statement\":[{\"Action\":[\"s3:GetObject\",\"s3:ListBucket\"],\"Effect\":\"Allow\",\"Resource\":[\"arn:aws:s3:::focusflow-bedrock-kb-dev\",\"arn:aws:s3:::focusflow-bedrock-kb-dev/*\"]},{\"Action\":[\"bedrock:Retrieve\",\"bedrock:RetrieveAndGenerate\"],\"Effect\":\"Allow\",\"Resource\":\"*\"}]}"
              },
              {
                "name": "focusflow-bedrock-lambda-policy-dev",
                "policy": "{\"Version\":\"2012-10-17\",\"Statement\":[{\"Action\":[\"lambda:InvokeFunction\"],\"Effect\":\"Allow\",\"Resource\":\"arn:aws:lambda:us-east-1:394686422000:function:focusflow-metrics-calculator-dev\"}]}"
              },
              {
                "name": "focusflow-bedrock-model-policy-dev",
                "policy": "{\"Version\":\"2012-10-17\",\"Statement\":[{\"Action\":[\"bedrock:InvokeModel\"],\"Effect\":\"Allow\",\"Resource\":\"arn:aws:bedrock:us-east-1::foundation-model/anthropic.claude-sonnet-4-5-20250929-v1:0\"}]}"
              }
            ],
            "managed_policy_arns": [],
            "max_session_duration": 3600,
            "name": "focusflow-bedrock-agent-role-dev",
            "name_prefix": "",
            "path": "/",
            "permissions_boundary": "",
            "tags": {},
            "tags_all": {
              "Environment": "dev",
              "ManagedBy": "Terraform",
              "Project": "FocusFlow-AI"
            },
            "unique_id": "AROAVXZJE3PYPZWMC62NI"
          },
          "sensitive_attributes": [],
          "private": "eyJzY2hlbWFfdmVyc2lvbiI6IjAifQ==",
          "dependencies": [
            "module.bedrock.data.aws_caller_identity.current",
            "module.bedrock.data.aws_region.current"
          ]
        }
      ]
    },
    {
      "module": "module.bedrock",
      "mode": "managed",
      "type": "aws_iam_role",
      "name": "knowledge_base",
      "provider": "provider[\"registry.terraform.io/hashicorp/aws\"]",
      "instances": [
        {
          "schema_version": 0,
          "attributes": {
            "arn": "arn:aws:iam::394686422000:role/focusflow-kb-role-dev",
            "assume_role_policy": "{\"Statement\":[{\"Action\":\"sts:AssumeRole\",\"Condition\":{\"ArnLike\":{\"aws:SourceArn\":\"arn:aws:bedrock:us-east-1:394686422000:knowledge-base/*\"},\"StringEquals\":{\"aws:SourceAccount\":\"394686422000\"}},\"Effect\":\"Allow\",\"Principal\":{\"Service\":\"bedrock.amazonaws.com\"}}],\"Version\":\"2012-10-17\"}",
            "create_date": "2025-10-18T13:37:14Z",
            "description": "",
            "force_detach_policies": false,
            "id": "focusflow-kb-role-dev",
            "inline_policy": [
              {
                "name": "focusflow-kb-model-policy-dev",
                "policy": "{\"Version\":\"2012-10-17\",\"Statement\":[{\"Action\":[\"bedrock:InvokeModel\"],\"Effect\":\"Allow\",\"Resource\":\"arn:aws:bedrock:us-east-1::foundation-model/amazon.titan-embed-text-v1\"}]}"
              },
              {
                "name": "focusflow-kb-rds-policy-dev",
                "policy": "{\"Version\":\"2012-10-17\",\"Statement\":[{\"Action\":[\"rds-data:ExecuteStatement\",\"rds-data:BatchExecuteStatement\"],\"Effect\":\"Allow\",\"Resource\":\"arn:aws:rds:us-east-1:394686422000:db:focusflow-kb-postgres-dev\"},{\"Action\":[\"secretsmanager:GetSecretValue\"],\"Effect\":\"Allow\",\"Resource\":\"arn:aws:secretsmanager:us-east-1:394686422000:secret:focusflow-kb-postgres-dev-BKywdD\"}]}"
              },
              {
                "name": "focusflow-kb-s3-policy-dev",
                "policy": "{\"Version\":\"2012-10-17\",\"Statement\":[{\"Action\":[\"s3:GetObject\",\"s3:ListBucket\"],\"Condition\":{\"StringEquals\":{\"aws:PrincipalAccount\":\"394686422000\"}},\"Effect\":\"Allow\",\"Resource\":[\"arn:aws:s3:::focusflow-bedrock-kb-dev\",\"arn:aws:s3:::focusflow-bedrock-kb-dev/*\"]}]}"
              },
              {
                "name": "focusflow-kb-s3vectors-policy-dev",
                "policy": "{\"Version\":\"2012-10-17\",\"Statement\":[{\"Action\":[\"s3vectors:*\"],\"Effect\":\"Allow\",\"Resource\":\"*\"}]}"
              }
            ],
            "managed_policy_arns": [],
            "max_session_duration": 3600,
            "name": "focusflow-kb-role-dev",
            "name_prefix": "",
            "path": "/",
            "permissions_boundary": "",
            "tags": {
              "Name": "focusflow-kb-role-dev"
            },
            "tags_all": {
              "Environment": "dev",
              "ManagedBy": "Terraform",
              "Name": "focusflow-kb-role-dev",
              "Project": "FocusFlow-AI"
            },
            "unique_id": "AROAVXZJE3PYHMVWSUF5R"
          },
          "sensitive_attributes": [],
          "private": "bnVsbA==",
          "dependencies": [
            "module.bedrock.data.aws_caller_identity.current",
            "module.bedrock.data.aws_region.current"
          ]
        }
      ]
    },
    {
      "module": "module.bedrock",
      "mode": "managed",
      "type": "aws_iam_role_policy",
      "name": "bedrock_kb",
      "provider": "provider[\"registry.terraform.io/hashicorp/aws\"]",
      "instances": [
        {
          "schema_version": 0,
          "attributes": {
            "id": "focusflow-bedrock-agent-role-dev:focusflow-bedrock-kb-policy-dev",
            "name": "focusflow-bedrock-kb-policy-dev",
            "name_prefix": "",
            "policy": "{\"Version\":\"2012-10-17\",\"Statement\":[{\"Action\":[\"s3:GetObject\",\"s3:ListBucket\"],\"Effect\":\"Allow\",\"Resource\":[\"arn:aws:s3:::focusflow-bedrock-kb-dev\",\"arn:aws:s3:::focusflow-bedrock-kb-dev/*\"]},{\"Action\":[\"bedrock:Retrieve\",\"bedrock:RetrieveAndGenerate\"],\"Effect\":\"Allow\",\"Resource\":\"*\"}]}",
            "role": "focusflow-bedrock-agent-role-dev"
          },
          "sensitive_attributes": [],
          "private": "bnVsbA==",
          "dependencies": [
            "module.bedrock.aws_iam_role.bedrock_agent",
            "module.bedrock.aws_s3_bucket.knowledge_base",
            "module.bedrock.data.aws_caller_identity.current",
            "module.bedrock.data.aws_region.current"
          ]
        }
      ]
    },
    {
      "module": "module.bedrock",
      "mode": "managed",
      "type": "aws_iam_role_policy",
      "name": "bedrock_model",
      "provider": "provider[\"registry.terraform.io/hashicorp/aws\"]",
      "instances": [
        {
          "schema_version": 0,
          "attributes": {
            "id": "focusflow-bedrock-agent-role-dev:focusflow-bedrock-model-policy-dev",
            "name": "focusflow-bedrock-model-policy-dev",
            "name_prefix": "",
            "policy": "{\"Version\":\"2012-10-17\",\"Statement\":[{\"Action\":[\"bedrock:InvokeModel\"],\"Effect\":\"Allow\",\"Resource\":\"arn:aws:bedrock:us-east-1::foundation-model/anthropic.claude-sonnet-4-5-20250929-v1:0\"}]}",
            "role": "focusflow-bedrock-agent-role-dev"
          },
          "sensitive_attributes": [],
          "private": "bnVsbA==",
          "dependencies": [
            "module.bedrock.aws_iam_role.bedrock_agent",
            "module.bedrock.data.aws_caller_identity.current",
            "module.bedrock.data.aws_region.current"
          ]
        }
      ]
    },
    {
      "module": "module.bedrock",
      "mode": "managed",
      "type": "aws_iam_role_policy",
      "name": "kb_rds_policy",
      "provider": "provider[\"registry.terraform.io/hashicorp/aws\"]",
      "instances": [
        {
          "schema_version": 0,
          "attributes": {
            "id": "focusflow-kb-role-dev:focusflow-kb-rds-policy-dev",
            "name": "focusflow-kb-rds-policy-dev",
            "name_prefix": "",
            "policy": "{\"Version\":\"2012-10-17\",\"Statement\":[{\"Action\":[\"rds-data:ExecuteStatement\",\"rds-data:BatchExecuteStatement\"],\"Effect\":\"Allow\",\"Resource\":\"arn:aws:rds:us-east-1:394686422000:db:focusflow-kb-postgres-dev\"},{\"Action\":[\"secretsmanager:GetSecretValue\"],\"Effect\":\"Allow\",\"Resource\":\"arn:aws:secretsmanager:us-east-1:394686422000:secret:focusflow-kb-postgres-dev-BKywdD\"}]}",
            "role": "focusflow-kb-role-dev"
          },
          "sensitive_attributes": [],
          "private": "bnVsbA==",
          "dependencies": [
            "module.bedrock.aws_db_instance.kb_postgres",
            "module.bedrock.aws_db_subnet_group.kb_postgres",
            "module.bedrock.aws_iam_role.knowledge_base",
            "module.bedrock.aws_secretsmanager_secret.kb_postgres",
            "module.bedrock.aws_security_group.kb_postgres",
            "module.bedrock.data.aws_caller_identity.current",
            "module.bedrock.data.aws_region.current",
            "module.bedrock.random_password.kb_postgres",
            "module.vpc.aws_subnet.private",
            "module.vpc.aws_vpc.main",
            "module.vpc.data.aws_availability_zones.available"
          ]
        }
      ]
    },
    {
      "module": "module.bedrock",
      "mode": "managed",
      "type": "aws_iam_role_policy",
      "name": "knowledge_base_model",
      "provider": "provider[\"registry.terraform.io/hashicorp/aws\"]",
      "instances": [
        {
          "schema_version": 0,
          "attributes": {
            "id": "focusflow-kb-role-dev:focusflow-kb-model-policy-dev",
            "name": "focusflow-kb-model-policy-dev",
            "name_prefix": "",
            "policy": "{\"Version\":\"2012-10-17\",\"Statement\":[{\"Action\":[\"bedrock:InvokeModel\"],\"Effect\":\"Allow\",\"Resource\":\"arn:aws:bedrock:us-east-1::foundation-model/amazon.titan-embed-text-v1\"}]}",
            "role": "focusflow-kb-role-dev"
          },
          "sensitive_attributes": [],
          "private": "bnVsbA==",
          "dependencies": [
            "module.bedrock.aws_iam_role.knowledge_base",
            "module.bedrock.data.aws_caller_identity.current",
            "module.bedrock.data.aws_region.current"
          ]
        }
      ]
    },
    {
      "module": "module.bedrock",
      "mode": "managed",
      "type": "aws_iam_role_policy",
      "name": "knowledge_base_s3",
      "provider": "provider[\"registry.terraform.io/hashicorp/aws\"]",
      "instances": [
        {
          "schema_version": 0,
          "attributes": {
            "id": "focusflow-kb-role-dev:focusflow-kb-s3-policy-dev",
            "name": "focusflow-kb-s3-policy-dev",
            "name_prefix": "",
            "policy": "{\"Version\":\"2012-10-17\",\"Statement\":[{\"Action\":[\"s3:GetObject\",\"s3:ListBucket\"],\"Condition\":{\"StringEquals\":{\"aws:PrincipalAccount\":\"394686422000\"}},\"Effect\":\"Allow\",\"Resource\":[\"arn:aws:s3:::focusflow-bedrock-kb-dev\",\"arn:aws:s3:::focusflow-bedrock-kb-dev/*\"]}]}",
            "role": "focusflow-kb-role-dev"
          },
          "sensitive_attributes": [],
          "private": "bnVsbA==",
          "dependencies": [
            "module.bedrock.aws_iam_role.knowledge_base",
            "module.bedrock.aws_s3_bucket.knowledge_base",
            "module.bedrock.data.aws_caller_identity.current",
            "module.bedrock.data.aws_region.current"
          ]
        }
      ]
    },
    {
      "module": "module.bedrock",
      "mode": "managed",
      "type": "aws_lambda_permission",
      "name": "bedrock_agent_research",
      "provider": "provider[\"registry.terraform.io/hashicorp/aws\"]",
      "instances": [
        {
          "schema_version": 0,
          "attributes": {
            "action": "lambda:InvokeFunction",
            "event_source_token": null,
            "function_name": "focusflow-research-rag-dev",
            "function_url_auth_type": null,
            "id": "AllowBedrockAgentInvoke",
            "principal": "bedrock.amazonaws.com",
            "principal_org_id": null,
            "qualifier": "",
            "source_account": null,
            "source_arn": "arn:aws:bedrock:us-east-1:394686422000:agent/QPVURTILVY",
            "statement_id": "AllowBedrockAgentInvoke",
            "statement_id_prefix": ""
          },
          "sensitive_attributes": [],
          "private": "bnVsbA==",
          "dependencies": [
            "module.bedrock.aws_bedrockagent_agent.focusflow",
            "module.bedrock.aws_iam_role.bedrock_agent",
            "module.bedrock.data.aws_caller_identity.current",
            "module.bedrock.data.aws_region.current"
          ]
        }
      ]
    },
    {
      "module": "module.bedrock",
      "mode": "managed",
      "type": "aws_opensearchserverless_access_policy",
      "name": "knowledge_base",
      "provider": "provider[\"registry.terraform.io/hashicorp/aws\"]",
      "instances": [
        {
          "schema_version": 0,
          "attributes": {
            "description": null,
            "id": "focusflow-kb-access-dev",
            "name": "focusflow-kb-access-dev",
            "policy": "[{\"Principal\":[\"arn:aws:iam::394686422000:role/focusflow-kb-role-dev\",\"arn:aws:iam::394686422000:root\"],\"Rules\":[{\"Permission\":[\"aoss:CreateCollectionItems\",\"aoss:DeleteCollectionItems\",\"aoss:UpdateCollectionItems\",\"aoss:DescribeCollectionItems\"],\"Resource\":[\"collection/focusflow-kb-dev\"],\"ResourceType\":\"collection\"},{\"Permission\":[\"aoss:CreateIndex\",\"aoss:DeleteIndex\",\"aoss:UpdateIndex\",\"aoss:DescribeIndex\",\"aoss:ReadDocument\",\"aoss:WriteDocument\"],\"Resource\":[\"index/focusflow-kb-dev/*\"],\"ResourceType\":\"index\"}]}]",
            "policy_version": "MTc2MDgzMzg1ODQwNl8x",
            "type": "data"
          },
          "sensitive_attributes": [],
          "dependencies": [
            "module.bedrock.aws_iam_role.knowledge_base",
            "module.bedrock.data.aws_caller_identity.current",
            "module.bedrock.data.aws_region.current"
          ]
        }
      ]
    },
    {
      "module": "module.bedrock",
      "mode": "managed",
      "type": "aws_opensearchserverless_collection",
      "name": "knowledge_base",
      "provider": "provider[\"registry.terraform.io/hashicorp/aws\"]",
      "instances": [
        {
          "schema_version": 0,
          "attributes": {
            "arn": "arn:aws:aoss:us-east-1:394686422000:collection/zb998bp9wwvx0zgbp0mk",
            "collection_endpoint": "https://zb998bp9wwvx0zgbp0mk.us-east-1.aoss.amazonaws.com",
            "dashboard_endpoint": "https://zb998bp9wwvx0zgbp0mk.us-east-1.aoss.amazonaws.com/_dashboards",
            "description": null,
            "id": "zb998bp9wwvx0zgbp0mk",
            "kms_key_arn": "auto",
            "name": "focusflow-kb-dev",
            "standby_replicas": "ENABLED",
            "tags": {
              "Name": "focusflow-kb-dev"
            },
            "tags_all": {
              "Environment": "dev",
              "ManagedBy": "Terraform",
              "Name": "focusflow-kb-dev",
              "Project": "FocusFlow-AI"
            },
            "timeouts": null,
            "type": "VECTORSEARCH"
          },
          "sensitive_attributes": []
        }
      ]
    },
    {
      "module": "module.bedrock",
      "mode": "managed",
      "type": "aws_opensearchserverless_security_policy",
      "name": "knowledge_base_encryption",
      "provider": "provider[\"registry.terraform.io/hashicorp/aws\"]",
      "instances": [
        {
          "schema_version": 0,
          "attributes": {
            "description": null,
            "id": "focusflow-kb-encryption-dev",
            "name": "focusflow-kb-encryption-dev",
            "policy": "{\"AWSOwnedKey\":true,\"Rules\":[{\"Resource\":[\"collection/focusflow-kb-dev\"],\"ResourceType\":\"collection\"}]}",
            "policy_version": "MTc2MDgzMzg1NzcyN18x",
            "type": "encryption"
          },
          "sensitive_attributes": []
        }
      ]
    },
    {
      "module": "module.bedrock",
      "mode": "managed",
      "type": "aws_opensearchserverless_security_policy",
      "name": "knowledge_base_network",
      "provider": "provider[\"registry.terraform.io/hashicorp/aws\"]",
      "instances": [
        {
          "schema_version": 0,
          "attributes": {
            "description": null,
            "id": "focusflow-kb-network-dev",
            "name": "focusflow-kb-network-dev",
            "policy": "[{\"AllowFromPublic\":true,\"Rules\":[{\"Resource\":[\"collection/focusflow-kb-dev\"],\"ResourceType\":\"collection\"}]}]",
            "policy_version": "MTc2MDgzMzg1NzczOF8x",
            "type": "network"
          },
          "sensitive_attributes": []
        }
      ]
    },
    {
      "module": "module.bedrock",
      "mode": "managed",
      "type": "aws_s3_bucket",
      "name": "knowledge_base",
      "provider": "provider[\"registry.terraform.io/hashicorp/aws\"]",
      "instances": [
        {
          "schema_version": 0,
          "attributes": {
            "acceleration_status": "",
            "acl": null,
            "arn": "arn:aws:s3:::focusflow-bedrock-kb-dev",
            "bucket": "focusflow-bedrock-kb-dev",
            "bucket_domain_name": "focusflow-bedrock-kb-dev.s3.amazonaws.com",
            "bucket_prefix": "",
            "bucket_regional_domain_name": "focusflow-bedrock-kb-dev.s3.us-east-1.amazonaws.com",
            "cors_rule": [],
            "force_destroy": null,
            "grant": [
              {
                "id": "a3052266ce181227e8e472cd7b61e3cd9f3412558bb905ef655a969e233e3939",
                "permissions": [
                  "FULL_CONTROL"
                ],
                "type": "CanonicalUser",
                "uri": ""
              }
            ],
            "hosted_zone_id": "Z3AQBSTGFYJSTF",
            "id": "focusflow-bedrock-kb-dev",
            "lifecycle_rule": [],
            "logging": [],
            "object_lock_configuration": [],
            "object_lock_enabled": false,
            "policy": "",
            "region": "us-east-1",
            "replication_configuration": [],
            "request_payer": "BucketOwner",
            "server_side_encryption_configuration": [
              {
                "rule": [
                  {
                    "apply_server_side_encryption_by_default": [
                      {
                        "kms_master_key_id": "",
                        "sse_algorithm": "AES256"
                      }
                    ],
                    "bucket_key_enabled": false
                  }
                ]
              }
            ],
            "tags": {
              "Name": "focusflow-bedrock-kb-dev"
            },
            "tags_all": {
              "Environment": "dev",
              "ManagedBy": "Terraform",
              "Name": "focusflow-bedrock-kb-dev",
              "Project": "FocusFlow-AI"
            },
            "timeouts": null,
            "versioning": [
              {
                "enabled": true,
                "mfa_delete": false
              }
            ],
            "website": [],
            "website_domain": null,
            "website_endpoint": null
          },
          "sensitive_attributes": [],
          "private": "eyJlMmJmYjczMC1lY2FhLTExZTYtOGY4OC0zNDM2M2JjN2M0YzAiOnsiY3JlYXRlIjoxMjAwMDAwMDAwMDAwLCJkZWxldGUiOjM2MDAwMDAwMDAwMDAsInJlYWQiOjEyMDAwMDAwMDAwMDAsInVwZGF0ZSI6MTIwMDAwMDAwMDAwMH0sInNjaGVtYV92ZXJzaW9uIjoiMCJ9"
        }
      ]
    },
    {
      "module": "module.bedrock",
      "mode": "managed",
      "type": "aws_s3_bucket_public_access_block",
      "name": "knowledge_base",
      "provider": "provider[\"registry.terraform.io/hashicorp/aws\"]",
      "instances": [
        {
          "schema_version": 0,
          "attributes": {
            "block_public_acls": true,
            "block_public_policy": true,
            "bucket": "focusflow-bedrock-kb-dev",
            "id": "focusflow-bedrock-kb-dev",
            "ignore_public_acls": true,
            "restrict_public_buckets": true
          },
          "sensitive_attributes": [],
          "private": "bnVsbA==",
          "dependencies": [
            "module.bedrock.aws_s3_bucket.knowledge_base"
          ]
        }
      ]
    },
    {
      "module": "module.bedrock",
      "mode": "managed",
      "type": "aws_s3_bucket_server_side_encryption_configuration",
      "name": "knowledge_base",
      "provider": "provider[\"registry.terraform.io/hashicorp/aws\"]",
      "instances": [
        {
          "schema_version": 0,
          "attributes": {
            "bucket": "focusflow-bedrock-kb-dev",
            "expected_bucket_owner": "",
            "id": "focusflow-bedrock-kb-dev",
            "rule": [
              {
                "apply_server_side_encryption_by_default": [
                  {
                    "kms_master_key_id": "",
                    "sse_algorithm": "AES256"
                  }
                ],
                "bucket_key_enabled": false
              }
            ]
          },
          "sensitive_attributes": [],
          "private": "bnVsbA==",
          "dependencies": [
            "module.bedrock.aws_s3_bucket.knowledge_base"
          ]
        }
      ]
    },
    {
      "module": "module.bedrock",
      "mode": "managed",
      "type": "aws_s3_bucket_versioning",
      "name": "knowledge_base",
      "provider": "provider[\"registry.terraform.io/hashicorp/aws\"]",
      "instances": [
        {
          "schema_version": 0,
          "attributes": {
            "bucket": "focusflow-bedrock-kb-dev",
            "expected_bucket_owner": "",
            "id": "focusflow-bedrock-kb-dev",
            "mfa": null,
            "versioning_configuration": [
              {
                "mfa_delete": "",
                "status": "Enabled"
              }
            ]
          },
          "sensitive_attributes": [],
          "private": "bnVsbA==",
          "dependencies": [
            "module.bedrock.aws_s3_bucket.knowledge_base"
          ]
        }
      ]
    },
    {
      "module": "module.bedrock",
      "mode": "managed",
      "type": "aws_s3_object",
      "name": "benchmarks",
      "provider": "provider[\"registry.terraform.io/hashicorp/aws\"]",
      "instances": [
        {
          "schema_version": 0,
          "attributes": {
            "acl": null,
            "arn": "arn:aws:s3:::focusflow-bedrock-kb-dev/benchmarks.json",
            "bucket": "focusflow-bedrock-kb-dev",
            "bucket_key_enabled": false,
            "cache_control": "",
            "checksum_algorithm": null,
            "checksum_crc32": "",
            "checksum_crc32c": "",
            "checksum_crc64nvme": "",
            "checksum_sha1": "",
            "checksum_sha256": "",
            "content": null,
            "content_base64": null,
            "content_disposition": "",
            "content_encoding": "",
            "content_language": "",
            "content_type": "application/json",
            "etag": "5015d890752a87946c3eeb2995eda917",
            "force_destroy": false,
            "id": "benchmarks.json",
            "key": "benchmarks.json",
            "kms_key_id": null,
            "metadata": {},
            "object_lock_legal_hold_status": "",
            "object_lock_mode": "",
            "object_lock_retain_until_date": "",
            "override_provider": [],
            "server_side_encryption": "AES256",
            "source": "./../../backend/bedrock/knowledge-base/benchmarks.json",
            "source_hash": null,
            "storage_class": "STANDARD",
            "tags": {},
            "tags_all": {
              "Environment": "dev",
              "ManagedBy": "Terraform",
              "Project": "FocusFlow-AI"
            },
            "version_id": "lTdcVoG4yt4xnu0A8AkrM1tcNvnBhRhi",
            "website_redirect": ""
          },
          "sensitive_attributes": [],
          "private": "bnVsbA==",
          "dependencies": [
            "module.bedrock.aws_s3_bucket.knowledge_base"
          ]
        }
      ]
    },
    {
      "module": "module.bedrock",
      "mode": "managed",
      "type": "aws_s3_object",
      "name": "extracted_folder",
      "provider": "provider[\"registry.terraform.io/hashicorp/aws\"]",
      "instances": [
        {
          "schema_version": 0,
          "attributes": {
            "acl": null,
            "arn": "arn:aws:s3:::focusflow-bedrock-kb-dev/extracted/",
            "bucket": "focusflow-bedrock-kb-dev",
            "bucket_key_enabled": false,
            "cache_control": "",
            "checksum_algorithm": null,
            "checksum_crc32": "",
            "checksum_crc32c": "",
            "checksum_crc64nvme": "",
            "checksum_sha1": "",
            "checksum_sha256": "",
            "content": null,
            "content_base64": null,
            "content_disposition": "",
            "content_encoding": "",
            "content_language": "",
            "content_type": "application/x-directory",
            "etag": "d41d8cd98f00b204e9800998ecf8427e",
            "force_destroy": false,
            "id": "extracted/",
            "key": "extracted/",
            "kms_key_id": null,
            "metadata": {},
            "object_lock_legal_hold_status": "",
            "object_lock_mode": "",
            "object_lock_retain_until_date": "",
            "override_provider": [],
            "server_side_encryption": "AES256",
            "source": null,
            "source_hash": null,
            "storage_class": "STANDARD",
            "tags": {},
            "tags_all": {
              "Environment": "dev",
              "ManagedBy": "Terraform",
              "Project": "FocusFlow-AI"
            },
            "version_id": "cCyT_mI9ahI9otHu57PFb_tHTVv1eSTY",
            "website_redirect": ""
          },
          "sensitive_attributes": [],
          "private": "bnVsbA==",
          "dependencies": [
            "module.bedrock.aws_s3_bucket.knowledge_base"
          ]
        }
      ]
    },
    {
      "module": "module.bedrock",
      "mode": "managed",
      "type": "aws_s3_object",
      "name": "metadata_folder",
      "provider": "provider[\"registry.terraform.io/hashicorp/aws\"]",
      "instances": [
        {
          "schema_version": 0,
          "attributes": {
            "acl": null,
            "arn": "arn:aws:s3:::focusflow-bedrock-kb-dev/metadata/",
            "bucket": "focusflow-bedrock-kb-dev",
            "bucket_key_enabled": false,
            "cache_control": "",
            "checksum_algorithm": null,
            "checksum_crc32": "",
            "checksum_crc32c": "",
            "checksum_crc64nvme": "",
            "checksum_sha1": "",
            "checksum_sha256": "",
            "content": null,
            "content_base64": null,
            "content_disposition": "",
            "content_encoding": "",
            "content_language": "",
            "content_type": "application/x-directory",
            "etag": "d41d8cd98f00b204e9800998ecf8427e",
            "force_destroy": false,
            "id": "metadata/",
            "key": "metadata/",
            "kms_key_id": null,
            "metadata": {},
            "object_lock_legal_hold_status": "",
            "object_lock_mode": "",
            "object_lock_retain_until_date": "",
            "override_provider": [],
            "server_side_encryption": "AES256",
            "source": null,
            "source_hash": null,
            "storage_class": "STANDARD",
            "tags": {},
            "tags_all": {
              "Environment": "dev",
              "ManagedBy": "Terraform",
              "Project": "FocusFlow-AI"
            },
            "version_id": "104baCwqBUemJIOrlKsgy6H3cZ7O_0Sf",
            "website_redirect": ""
          },
          "sensitive_attributes": [],
          "private": "bnVsbA==",
          "dependencies": [
            "module.bedrock.aws_s3_bucket.knowledge_base"
          ]
        }
      ]
    },
    {
      "module": "module.bedrock",
      "mode": "managed",
      "type": "aws_s3_object",
      "name": "papers_folder",
      "provider": "provider[\"registry.terraform.io/hashicorp/aws\"]",
      "instances": [
        {
          "schema_version": 0,
          "attributes": {
            "acl": null,
            "arn": "arn:aws:s3:::focusflow-bedrock-kb-dev/papers/",
            "bucket": "focusflow-bedrock-kb-dev",
            "bucket_key_enabled": false,
            "cache_control": "",
            "checksum_algorithm": null,
            "checksum_crc32": "",
            "checksum_crc32c": "",
            "checksum_crc64nvme": "",
            "checksum_sha1": "",
            "checksum_sha256": "",
            "content": null,
            "content_base64": null,
            "content_disposition": "",
            "content_encoding": "",
            "content_language": "",
            "content_type": "application/x-directory",
            "etag": "d41d8cd98f00b204e9800998ecf8427e",
            "force_destroy": false,
            "id": "papers/",
            "key": "papers/",
            "kms_key_id": null,
            "metadata": {},
            "object_lock_legal_hold_status": "",
            "object_lock_mode": "",
            "object_lock_retain_until_date": "",
            "override_provider": [],
            "server_side_encryption": "AES256",
            "source": null,
            "source_hash": null,
            "storage_class": "STANDARD",
            "tags": {},
            "tags_all": {
              "Environment": "dev",
              "ManagedBy": "Terraform",
              "Project": "FocusFlow-AI"
            },
            "version_id": "rLDql0GFlWPyRzh7MEcKvU3Kv6AciucF",
            "website_redirect": ""
          },
          "sensitive_attributes": [],
          "private": "bnVsbA==",
          "dependencies": [
            "module.bedrock.aws_s3_bucket.knowledge_base"
          ]
        }
      ]
    },
    {
      "module": "module.bedrock",
      "mode": "managed",
      "type": "aws_s3_object",
      "name": "research_metadata",
      "provider": "provider[\"registry.terraform.io/hashicorp/aws\"]",
      "instances": [
        {
          "schema_version": 0,
          "attributes": {
            "acl": null,
            "arn": "arn:aws:s3:::focusflow-bedrock-kb-dev/metadata/research-metadata.json",
            "bucket": "focusflow-bedrock-kb-dev",
            "bucket_key_enabled": false,
            "cache_control": "",
            "checksum_algorithm": null,
            "checksum_crc32": "",
            "checksum_crc32c": "",
            "checksum_crc64nvme": "",
            "checksum_sha1": "",
            "checksum_sha256": "",
            "content": null,
            "content_base64": null,
            "content_disposition": "",
            "content_encoding": "",
            "content_language": "",
            "content_type": "application/json",
            "etag": "acd1b6a90605cb87cf1b2c8181a7fa77",
            "force_destroy": false,
            "id": "metadata/research-metadata.json",
            "key": "metadata/research-metadata.json",
            "kms_key_id": null,
            "metadata": {},
            "object_lock_legal_hold_status": "",
            "object_lock_mode": "",
            "object_lock_retain_until_date": "",
            "override_provider": [],
            "server_side_encryption": "AES256",
            "source": "./../../backend/bedrock/knowledge-base/research-metadata.json",
            "source_hash": null,
            "storage_class": "STANDARD",
            "tags": {},
            "tags_all": {
              "Environment": "dev",
              "ManagedBy": "Terraform",
              "Project": "FocusFlow-AI"
            },
            "version_id": "ays410LTFShSx6jjRoSUDPxnzUXTMjWH",
            "website_redirect": ""
          },
          "sensitive_attributes": [],
          "private": "bnVsbA==",
          "dependencies": [
            "module.bedrock.aws_s3_bucket.knowledge_base"
          ]
        }
      ]
    },
    {
      "module": "module.bedrock",
      "mode": "managed",
      "type": "aws_secretsmanager_secret",
      "name": "kb_postgres",
      "provider": "provider[\"registry.terraform.io/hashicorp/aws\"]",
      "instances": [
        {
          "schema_version": 0,
          "attributes": {
            "arn": "arn:aws:secretsmanager:us-east-1:394686422000:secret:focusflow-kb-postgres-dev-BKywdD",
            "description": "PostgreSQL credentials for Bedrock Knowledge Base",
            "force_overwrite_replica_secret": false,
            "id": "arn:aws:secretsmanager:us-east-1:394686422000:secret:focusflow-kb-postgres-dev-BKywdD",
            "kms_key_id": "",
            "name": "focusflow-kb-postgres-dev",
            "name_prefix": "",
            "policy": "",
            "recovery_window_in_days": 30,
            "replica": [],
            "tags": {
              "Environment": "dev",
              "Name": "focusflow-kb-postgres-dev"
            },
            "tags_all": {
              "Environment": "dev",
              "ManagedBy": "Terraform",
              "Name": "focusflow-kb-postgres-dev",
              "Project": "FocusFlow-AI"
            }
          },
          "sensitive_attributes": [],
          "private": "bnVsbA=="
        }
      ]
    },
    {
      "module": "module.bedrock",
      "mode": "managed",
      "type": "aws_secretsmanager_secret_version",
      "name": "kb_postgres",
      "provider": "provider[\"registry.terraform.io/hashicorp/aws\"]",
      "instances": [
        {
          "schema_version": 0,
          "attributes": {
            "arn": "arn:aws:secretsmanager:us-east-1:394686422000:secret:focusflow-kb-postgres-dev-BKywdD",
            "has_secret_string_wo": null,
            "id": "arn:aws:secretsmanager:us-east-1:394686422000:secret:focusflow-kb-postgres-dev-BKywdD|terraform-20251019004509712800000005",
            "secret_binary": "",
            "secret_id": "arn:aws:secretsmanager:us-east-1:394686422000:secret:focusflow-kb-postgres-dev-BKywdD",
            "secret_string": "{\"dbname\":\"knowledge_base\",\"engine\":\"postgres\",\"host\":\"focusflow-kb-postgres-dev.c29q2esesrx4.us-east-1.rds.amazonaws.com\",\"password\":\"E$:zt#\\u003crN:mdQ]?lI$6Ix!A2M+x0JYYz\",\"port\":5432,\"username\":\"kbadmin\"}",
            "secret_string_wo": null,
            "secret_string_wo_version": null,
            "version_id": "terraform-20251019004509712800000005",
            "version_stages": [
              "AWSCURRENT"
            ]
          },
          "sensitive_attributes": [
            [
              {
                "type": "get_attr",
                "value": "secret_string"
              }
            ]
          ],
          "private": "bnVsbA==",
          "dependencies": [
            "module.bedrock.aws_db_instance.kb_postgres",
            "module.bedrock.aws_db_subnet_group.kb_postgres",
            "module.bedrock.aws_secretsmanager_secret.kb_postgres",
            "module.bedrock.aws_security_group.kb_postgres",
            "module.bedrock.random_password.kb_postgres",
            "module.vpc.aws_subnet.private",
            "module.vpc.aws_vpc.main",
            "module.vpc.data.aws_availability_zones.available"
          ]
        }
      ]
    },
    {
      "module": "module.bedrock",
      "mode": "managed",
      "type": "aws_security_group",
      "name": "kb_postgres",
      "provider": "provider[\"registry.terraform.io/hashicorp/aws\"]",
      "instances": [
        {
          "schema_version": 1,
          "attributes": {
            "arn": "arn:aws:ec2:us-east-1:394686422000:security-group/sg-0866049dc3a9b0e00",
            "description": "Security group for Knowledge Base PostgreSQL RDS",
            "egress": [
              {
                "cidr_blocks": [
                  "0.0.0.0/0"
                ],
                "description": "",
                "from_port": 0,
                "ipv6_cidr_blocks": [],
                "prefix_list_ids": [],
                "protocol": "-1",
                "security_groups": [],
                "self": false,
                "to_port": 0
              }
            ],
            "id": "sg-0866049dc3a9b0e00",
            "ingress": [
              {
                "cidr_blocks": [
                  "10.0.0.0/16"
                ],
                "description": "PostgreSQL access from VPC",
                "from_port": 5432,
                "ipv6_cidr_blocks": [],
                "prefix_list_ids": [],
                "protocol": "tcp",
                "security_groups": [],
                "self": false,
                "to_port": 5432
              }
            ],
            "name": "focusflow-kb-postgres-dev",
            "name_prefix": "",
            "owner_id": "394686422000",
            "revoke_rules_on_delete": false,
            "tags": {
              "Environment": "dev",
              "Name": "focusflow-kb-postgres-dev"
            },
            "tags_all": {
              "Environment": "dev",
              "ManagedBy": "Terraform",
              "Name": "focusflow-kb-postgres-dev",
              "Project": "FocusFlow-AI"
            },
            "timeouts": null,
            "vpc_id": "vpc-01adc33242b5d4d5c"
          },
          "sensitive_attributes": [],
          "private": "eyJlMmJmYjczMC1lY2FhLTExZTYtOGY4OC0zNDM2M2JjN2M0YzAiOnsiY3JlYXRlIjo2MDAwMDAwMDAwMDAsImRlbGV0ZSI6OTAwMDAwMDAwMDAwfSwic2NoZW1hX3ZlcnNpb24iOiIxIn0=",
          "dependencies": [
            "module.vpc.aws_vpc.main"
          ]
        }
      ]
    },
    {
      "module": "module.bedrock",
      "mode": "managed",
      "type": "random_password",
      "name": "kb_postgres",
      "provider": "provider[\"registry.terraform.io/hashicorp/random\"]",
      "instances": [
        {
          "schema_version": 3,
          "attributes": {
            "bcrypt_hash": "$2a$10$b2N1IMztgJevkPQnveuI9u3M1xNHv5B5tXQPHTNrGxRTp9noUAixe",
            "id": "none",
            "keepers": null,
            "length": 32,
            "lower": true,
            "min_lower": 0,
            "min_numeric": 0,
            "min_special": 0,
            "min_upper": 0,
            "number": true,
            "numeric": true,
            "override_special": null,
            "result": "E$:zt#\u003crN:mdQ]?lI$6Ix!A2M+x0JYYz",
            "special": true,
            "upper": true
          },
          "sensitive_attributes": []
        }
      ]
    },
    {
      "module": "module.dynamodb",
      "mode": "managed",
      "type": "aws_dynamodb_table",
      "name": "profiles",
      "provider": "provider[\"registry.terraform.io/hashicorp/aws\"]",
      "instances": [
        {
          "schema_version": 1,
          "attributes": {
            "arn": "arn:aws:dynamodb:us-east-1:394686422000:table/focusflow-profiles-dev",
            "attribute": [
              {
                "name": "createdAt",
                "type": "N"
              },
              {
                "name": "profileId",
                "type": "S"
              },
              {
                "name": "therapistId",
                "type": "S"
              }
            ],
            "billing_mode": "PAY_PER_REQUEST",
            "deletion_protection_enabled": false,
            "global_secondary_index": [
              {
                "hash_key": "therapistId",
                "name": "CreatedAtIndex",
                "non_key_attributes": [],
                "on_demand_throughput": [],
                "projection_type": "ALL",
                "range_key": "createdAt",
                "read_capacity": 0,
                "write_capacity": 0
              }
            ],
            "hash_key": "therapistId",
            "id": "focusflow-profiles-dev",
            "import_table": [],
            "local_secondary_index": [],
            "name": "focusflow-profiles-dev",
            "on_demand_throughput": [],
            "point_in_time_recovery": [
              {
                "enabled": true,
                "recovery_period_in_days": 35
              }
            ],
            "range_key": "profileId",
            "read_capacity": 0,
            "replica": [],
            "restore_date_time": null,
            "restore_source_name": null,
            "restore_source_table_arn": null,
            "restore_to_latest_time": null,
            "server_side_encryption": [
              {
                "enabled": true,
                "kms_key_arn": ""
              }
            ],
            "stream_arn": "",
            "stream_enabled": false,
            "stream_label": "",
            "stream_view_type": "",
            "table_class": "STANDARD",
            "tags": {
              "Name": "focusflow-profiles-dev"
            },
            "tags_all": {
              "Environment": "dev",
              "ManagedBy": "Terraform",
              "Name": "focusflow-profiles-dev",
              "Project": "FocusFlow-AI"
            },
            "timeouts": null,
            "ttl": [
              {
                "attribute_name": "",
                "enabled": false
              }
            ],
            "write_capacity": 0
          },
          "sensitive_attributes": [],
          "private": "eyJlMmJmYjczMC1lY2FhLTExZTYtOGY4OC0zNDM2M2JjN2M0YzAiOnsiY3JlYXRlIjoxODAwMDAwMDAwMDAwLCJkZWxldGUiOjYwMDAwMDAwMDAwMCwidXBkYXRlIjozNjAwMDAwMDAwMDAwfSwic2NoZW1hX3ZlcnNpb24iOiIxIn0="
        }
      ]
    },
    {
      "module": "module.dynamodb",
      "mode": "managed",
      "type": "aws_dynamodb_table",
      "name": "reports",
      "provider": "provider[\"registry.terraform.io/hashicorp/aws\"]",
      "instances": [
        {
          "schema_version": 1,
          "attributes": {
            "arn": "arn:aws:dynamodb:us-east-1:394686422000:table/focusflow-reports-dev",
            "attribute": [
              {
                "name": "sessionId",
                "type": "S"
              },
              {
                "name": "timestamp",
                "type": "N"
              },
              {
                "name": "userId",
                "type": "S"
              }
            ],
            "billing_mode": "PAY_PER_REQUEST",
            "deletion_protection_enabled": false,
            "global_secondary_index": [
              {
                "hash_key": "userId",
                "name": "TimestampIndex",
                "non_key_attributes": [],
                "on_demand_throughput": [],
                "projection_type": "ALL",
                "range_key": "timestamp",
                "read_capacity": 0,
                "write_capacity": 0
              }
            ],
            "hash_key": "userId",
            "id": "focusflow-reports-dev",
            "import_table": [],
            "local_secondary_index": [],
            "name": "focusflow-reports-dev",
            "on_demand_throughput": [],
            "point_in_time_recovery": [
              {
                "enabled": true,
                "recovery_period_in_days": 35
              }
            ],
            "range_key": "sessionId",
            "read_capacity": 0,
            "replica": [],
            "restore_date_time": null,
            "restore_source_name": null,
            "restore_source_table_arn": null,
            "restore_to_latest_time": null,
            "server_side_encryption": [
              {
                "enabled": true,
                "kms_key_arn": ""
              }
            ],
            "stream_arn": "",
            "stream_enabled": false,
            "stream_label": "",
            "stream_view_type": "",
            "table_class": "STANDARD",
            "tags": {
              "Name": "focusflow-reports-dev"
            },
            "tags_all": {
              "Environment": "dev",
              "ManagedBy": "Terraform",
              "Name": "focusflow-reports-dev",
              "Project": "FocusFlow-AI"
            },
            "timeouts": null,
            "ttl": [
              {
                "attribute_name": "",
                "enabled": false
              }
            ],
            "write_capacity": 0
          },
          "sensitive_attributes": [],
          "private": "eyJlMmJmYjczMC1lY2FhLTExZTYtOGY4OC0zNDM2M2JjN2M0YzAiOnsiY3JlYXRlIjoxODAwMDAwMDAwMDAwLCJkZWxldGUiOjYwMDAwMDAwMDAwMCwidXBkYXRlIjozNjAwMDAwMDAwMDAwfSwic2NoZW1hX3ZlcnNpb24iOiIxIn0="
        }
      ]
    },
    {
      "module": "module.dynamodb",
      "mode": "managed",
      "type": "aws_dynamodb_table",
      "name": "users",
      "provider": "provider[\"registry.terraform.io/hashicorp/aws\"]",
      "instances": [
        {
          "schema_version": 1,
          "attributes": {
            "arn": "arn:aws:dynamodb:us-east-1:394686422000:table/focusflow-users-dev",
            "attribute": [
              {
                "name": "userId",
                "type": "S"
              }
            ],
            "billing_mode": "PAY_PER_REQUEST",
            "deletion_protection_enabled": false,
            "global_secondary_index": [],
            "hash_key": "userId",
            "id": "focusflow-users-dev",
            "import_table": [],
            "local_secondary_index": [],
            "name": "focusflow-users-dev",
            "on_demand_throughput": [],
            "point_in_time_recovery": [
              {
                "enabled": true,
                "recovery_period_in_days": 35
              }
            ],
            "range_key": null,
            "read_capacity": 0,
            "replica": [],
            "restore_date_time": null,
            "restore_source_name": null,
            "restore_source_table_arn": null,
            "restore_to_latest_time": null,
            "server_side_encryption": [
              {
                "enabled": true,
                "kms_key_arn": ""
              }
            ],
            "stream_arn": "",
            "stream_enabled": false,
            "stream_label": "",
            "stream_view_type": "",
            "table_class": "STANDARD",
            "tags": {
              "Name": "focusflow-users-dev"
            },
            "tags_all": {
              "Environment": "dev",
              "ManagedBy": "Terraform",
              "Name": "focusflow-users-dev",
              "Project": "FocusFlow-AI"
            },
            "timeouts": null,
            "ttl": [
              {
                "attribute_name": "",
                "enabled": false
              }
            ],
            "write_capacity": 0
          },
          "sensitive_attributes": [],
          "private": "eyJlMmJmYjczMC1lY2FhLTExZTYtOGY4OC0zNDM2M2JjN2M0YzAiOnsiY3JlYXRlIjoxODAwMDAwMDAwMDAwLCJkZWxldGUiOjYwMDAwMDAwMDAwMCwidXBkYXRlIjozNjAwMDAwMDAwMDAwfSwic2NoZW1hX3ZlcnNpb24iOiIxIn0="
        }
      ]
    },
    {
      "module": "module.frontend",
      "mode": "data",
      "type": "aws_caller_identity",
      "name": "current",
      "provider": "provider[\"registry.terraform.io/hashicorp/aws\"]",
      "instances": [
        {
          "schema_version": 0,
          "attributes": {
            "account_id": "394686422000",
            "arn": "arn:aws:iam::394686422000:root",
            "id": "394686422000",
            "user_id": "394686422000"
          },
          "sensitive_attributes": []
        }
      ]
    },
    {
      "module": "module.frontend",
      "mode": "data",
      "type": "aws_region",
      "name": "current",
      "provider": "provider[\"registry.terraform.io/hashicorp/aws\"]",
      "instances": [
        {
          "schema_version": 0,
          "attributes": {
            "description": "US East (N. Virginia)",
            "endpoint": "ec2.us-east-1.amazonaws.com",
            "id": "us-east-1",
            "name": "us-east-1"
          },
          "sensitive_attributes": []
        }
      ]
    },
    {
      "module": "module.frontend",
      "mode": "managed",
      "type": "aws_cloudfront_distribution",
      "name": "frontend",
      "provider": "provider[\"registry.terraform.io/hashicorp/aws\"]",
      "instances": [
        {
          "schema_version": 1,
          "attributes": {
            "aliases": [],
            "arn": "arn:aws:cloudfront::394686422000:distribution/E1CP1219GKD5ZW",
            "caller_reference": "terraform-20251019003639005200000003",
            "comment": "FocusFlow AI Frontend Distribution",
            "continuous_deployment_policy_id": "",
            "custom_error_response": [
              {
                "error_caching_min_ttl": 0,
                "error_code": 403,
                "response_code": 200,
                "response_page_path": "/index.html"
              },
              {
                "error_caching_min_ttl": 0,
                "error_code": 404,
                "response_code": 200,
                "response_page_path": "/index.html"
              }
            ],
            "default_cache_behavior": [
              {
                "allowed_methods": [
                  "GET",
                  "HEAD",
                  "OPTIONS"
                ],
                "cache_policy_id": "",
                "cached_methods": [
                  "GET",
                  "HEAD"
                ],
                "compress": true,
                "default_ttl": 3600,
                "field_level_encryption_id": "",
                "forwarded_values": [
                  {
                    "cookies": [
                      {
                        "forward": "none",
                        "whitelisted_names": []
                      }
                    ],
                    "headers": [],
                    "query_string": false,
                    "query_string_cache_keys": []
                  }
                ],
                "function_association": [],
                "grpc_config": [
                  {
                    "enabled": false
                  }
                ],
                "lambda_function_association": [],
                "max_ttl": 86400,
                "min_ttl": 0,
                "origin_request_policy_id": "",
                "realtime_log_config_arn": "",
                "response_headers_policy_id": "",
                "smooth_streaming": false,
                "target_origin_id": "S3-focusflow-frontend-dev",
                "trusted_key_groups": [],
                "trusted_signers": [],
                "viewer_protocol_policy": "redirect-to-https"
              }
            ],
            "default_root_object": "index.html",
            "domain_name": "d3sy81kn37rion.cloudfront.net",
            "enabled": true,
            "etag": "E24WALVSK15O9D",
            "hosted_zone_id": "Z2FDTNDATAQYW2",
            "http_version": "http2",
            "id": "E1CP1219GKD5ZW",
            "in_progress_validation_batches": 0,
            "is_ipv6_enabled": true,
            "last_modified_time": "2025-10-19 00:36:39.258 +0000 UTC",
            "logging_config": [],
            "ordered_cache_behavior": [
              {
                "allowed_methods": [
                  "GET",
                  "HEAD"
                ],
                "cache_policy_id": "",
                "cached_methods": [
                  "GET",
                  "HEAD"
                ],
                "compress": true,
                "default_ttl": 31536000,
                "field_level_encryption_id": "",
                "forwarded_values": [
                  {
                    "cookies": [
                      {
                        "forward": "none",
                        "whitelisted_names": []
                      }
                    ],
                    "headers": [],
                    "query_string": false,
                    "query_string_cache_keys": []
                  }
                ],
                "function_association": [],
                "grpc_config": [
                  {
                    "enabled": false
                  }
                ],
                "lambda_function_association": [],
                "max_ttl": 31536000,
                "min_ttl": 31536000,
                "origin_request_policy_id": "",
                "path_pattern": "/_next/static/*",
                "realtime_log_config_arn": "",
                "response_headers_policy_id": "",
                "smooth_streaming": false,
                "target_origin_id": "S3-focusflow-frontend-dev",
                "trusted_key_groups": [],
                "trusted_signers": [],
                "viewer_protocol_policy": "redirect-to-https"
              }
            ],
            "origin": [
              {
                "connection_attempts": 3,
                "connection_timeout": 10,
                "custom_header": [],
                "custom_origin_config": [],
                "domain_name": "focusflow-frontend-dev.s3.us-east-1.amazonaws.com",
                "origin_access_control_id": "EFF0GS16K19XA",
                "origin_id": "S3-focusflow-frontend-dev",
                "origin_path": "",
                "origin_shield": [],
                "s3_origin_config": [],
                "vpc_origin_config": []
              }
            ],
            "origin_group": [],
            "price_class": "PriceClass_100",
            "restrictions": [
              {
                "geo_restriction": [
                  {
                    "locations": [],
                    "restriction_type": "none"
                  }
                ]
              }
            ],
            "retain_on_delete": false,
            "staging": false,
            "status": "Deployed",
            "tags": {
              "Name": "focusflow-frontend-dev"
            },
            "tags_all": {
              "Environment": "dev",
              "ManagedBy": "Terraform",
              "Name": "focusflow-frontend-dev",
              "Project": "FocusFlow-AI"
            },
            "trusted_key_groups": [
              {
                "enabled": false,
                "items": []
              }
            ],
            "trusted_signers": [
              {
                "enabled": false,
                "items": []
              }
            ],
            "viewer_certificate": [
              {
                "acm_certificate_arn": "",
                "cloudfront_default_certificate": true,
                "iam_certificate_id": "",
                "minimum_protocol_version": "TLSv1",
                "ssl_support_method": ""
              }
            ],
            "wait_for_deployment": true,
            "web_acl_id": ""
          },
          "sensitive_attributes": [],
          "private": "eyJzY2hlbWFfdmVyc2lvbiI6IjEifQ==",
          "dependencies": [
            "module.frontend.aws_cloudfront_origin_access_control.frontend",
            "module.frontend.aws_s3_bucket.frontend"
          ]
        }
      ]
    },
    {
      "module": "module.frontend",
      "mode": "managed",
      "type": "aws_cloudfront_origin_access_control",
      "name": "frontend",
      "provider": "provider[\"registry.terraform.io/hashicorp/aws\"]",
      "instances": [
        {
          "schema_version": 0,
          "attributes": {
            "arn": "arn:aws:cloudfront::394686422000:origin-access-control/EFF0GS16K19XA",
            "description": "OAC for FocusFlow frontend",
            "etag": "ETVPDKIKX0DER",
            "id": "EFF0GS16K19XA",
            "name": "focusflow-frontend-oac-dev",
            "origin_access_control_origin_type": "s3",
            "signing_behavior": "always",
            "signing_protocol": "sigv4"
          },
          "sensitive_attributes": [],
          "private": "eyJzY2hlbWFfdmVyc2lvbiI6IjAifQ=="
        }
      ]
    },
    {
      "module": "module.frontend",
      "mode": "managed",
      "type": "aws_s3_bucket",
      "name": "frontend",
      "provider": "provider[\"registry.terraform.io/hashicorp/aws\"]",
      "instances": [
        {
          "schema_version": 0,
          "attributes": {
            "acceleration_status": "",
            "acl": null,
            "arn": "arn:aws:s3:::focusflow-frontend-dev",
            "bucket": "focusflow-frontend-dev",
            "bucket_domain_name": "focusflow-frontend-dev.s3.amazonaws.com",
            "bucket_prefix": "",
            "bucket_regional_domain_name": "focusflow-frontend-dev.s3.us-east-1.amazonaws.com",
            "cors_rule": [],
            "force_destroy": null,
            "grant": [
              {
                "id": "a3052266ce181227e8e472cd7b61e3cd9f3412558bb905ef655a969e233e3939",
                "permissions": [
                  "FULL_CONTROL"
                ],
                "type": "CanonicalUser",
                "uri": ""
              }
            ],
            "hosted_zone_id": "Z3AQBSTGFYJSTF",
            "id": "focusflow-frontend-dev",
            "lifecycle_rule": [],
            "logging": [],
            "object_lock_configuration": [],
            "object_lock_enabled": false,
            "policy": "{\"Statement\":[{\"Action\":\"s3:GetObject\",\"Condition\":{\"StringEquals\":{\"AWS:SourceArn\":\"arn:aws:cloudfront::394686422000:distribution/E1CP1219GKD5ZW\"}},\"Effect\":\"Allow\",\"Principal\":{\"Service\":\"cloudfront.amazonaws.com\"},\"Resource\":\"arn:aws:s3:::focusflow-frontend-dev/*\",\"Sid\":\"AllowCloudFrontServicePrincipal\"}],\"Version\":\"2012-10-17\"}",
            "region": "us-east-1",
            "replication_configuration": [],
            "request_payer": "BucketOwner",
            "server_side_encryption_configuration": [
              {
                "rule": [
                  {
                    "apply_server_side_encryption_by_default": [
                      {
                        "kms_master_key_id": "",
                        "sse_algorithm": "AES256"
                      }
                    ],
                    "bucket_key_enabled": false
                  }
                ]
              }
            ],
            "tags": {
              "Name": "focusflow-frontend-dev"
            },
            "tags_all": {
              "Environment": "dev",
              "ManagedBy": "Terraform",
              "Name": "focusflow-frontend-dev",
              "Project": "FocusFlow-AI"
            },
            "timeouts": null,
            "versioning": [
              {
                "enabled": true,
                "mfa_delete": false
              }
            ],
            "website": [
              {
                "error_document": "index.html",
                "index_document": "index.html",
                "redirect_all_requests_to": "",
                "routing_rules": ""
              }
            ],
            "website_domain": "s3-website-us-east-1.amazonaws.com",
            "website_endpoint": "focusflow-frontend-dev.s3-website-us-east-1.amazonaws.com"
          },
          "sensitive_attributes": [],
          "private": "eyJlMmJmYjczMC1lY2FhLTExZTYtOGY4OC0zNDM2M2JjN2M0YzAiOnsiY3JlYXRlIjoxMjAwMDAwMDAwMDAwLCJkZWxldGUiOjM2MDAwMDAwMDAwMDAsInJlYWQiOjEyMDAwMDAwMDAwMDAsInVwZGF0ZSI6MTIwMDAwMDAwMDAwMH0sInNjaGVtYV92ZXJzaW9uIjoiMCJ9"
        }
      ]
    },
    {
      "module": "module.frontend",
      "mode": "managed",
      "type": "aws_s3_bucket_policy",
      "name": "frontend",
      "provider": "provider[\"registry.terraform.io/hashicorp/aws\"]",
      "instances": [
        {
          "schema_version": 0,
          "attributes": {
            "bucket": "focusflow-frontend-dev",
            "id": "focusflow-frontend-dev",
            "policy": "{\"Statement\":[{\"Action\":\"s3:GetObject\",\"Condition\":{\"StringEquals\":{\"AWS:SourceArn\":\"arn:aws:cloudfront::394686422000:distribution/E1CP1219GKD5ZW\"}},\"Effect\":\"Allow\",\"Principal\":{\"Service\":\"cloudfront.amazonaws.com\"},\"Resource\":\"arn:aws:s3:::focusflow-frontend-dev/*\",\"Sid\":\"AllowCloudFrontServicePrincipal\"}],\"Version\":\"2012-10-17\"}"
          },
          "sensitive_attributes": [],
          "private": "bnVsbA==",
          "dependencies": [
            "module.frontend.aws_cloudfront_distribution.frontend",
            "module.frontend.aws_cloudfront_origin_access_control.frontend",
            "module.frontend.aws_s3_bucket.frontend"
          ]
        }
      ]
    },
    {
      "module": "module.frontend",
      "mode": "managed",
      "type": "aws_s3_bucket_server_side_encryption_configuration",
      "name": "frontend",
      "provider": "provider[\"registry.terraform.io/hashicorp/aws\"]",
      "instances": [
        {
          "schema_version": 0,
          "attributes": {
            "bucket": "focusflow-frontend-dev",
            "expected_bucket_owner": "",
            "id": "focusflow-frontend-dev",
            "rule": [
              {
                "apply_server_side_encryption_by_default": [
                  {
                    "kms_master_key_id": "",
                    "sse_algorithm": "AES256"
                  }
                ],
                "bucket_key_enabled": false
              }
            ]
          },
          "sensitive_attributes": [],
          "private": "bnVsbA==",
          "dependencies": [
            "module.frontend.aws_s3_bucket.frontend"
          ]
        }
      ]
    },
    {
      "module": "module.frontend",
      "mode": "managed",
      "type": "aws_s3_bucket_versioning",
      "name": "frontend",
      "provider": "provider[\"registry.terraform.io/hashicorp/aws\"]",
      "instances": [
        {
          "schema_version": 0,
          "attributes": {
            "bucket": "focusflow-frontend-dev",
            "expected_bucket_owner": "",
            "id": "focusflow-frontend-dev",
            "mfa": null,
            "versioning_configuration": [
              {
                "mfa_delete": "",
                "status": "Enabled"
              }
            ]
          },
          "sensitive_attributes": [],
          "private": "bnVsbA==",
          "dependencies": [
            "module.frontend.aws_s3_bucket.frontend"
          ]
        }
      ]
    },
    {
      "module": "module.frontend",
      "mode": "managed",
      "type": "aws_s3_bucket_website_configuration",
      "name": "frontend",
      "provider": "provider[\"registry.terraform.io/hashicorp/aws\"]",
      "instances": [
        {
          "schema_version": 0,
          "attributes": {
            "bucket": "focusflow-frontend-dev",
            "error_document": [
              {
                "key": "index.html"
              }
            ],
            "expected_bucket_owner": "",
            "id": "focusflow-frontend-dev",
            "index_document": [
              {
                "suffix": "index.html"
              }
            ],
            "redirect_all_requests_to": [],
            "routing_rule": [],
            "routing_rules": "",
            "website_domain": "s3-website-us-east-1.amazonaws.com",
            "website_endpoint": "focusflow-frontend-dev.s3-website-us-east-1.amazonaws.com"
          },
          "sensitive_attributes": [],
          "private": "bnVsbA==",
          "dependencies": [
            "module.frontend.aws_s3_bucket.frontend"
          ]
        }
      ]
    },
    {
      "module": "module.frontend",
      "mode": "managed",
      "type": "local_file",
      "name": "invalidate_script",
      "provider": "provider[\"registry.terraform.io/hashicorp/local\"]",
      "instances": [
        {
          "schema_version": 0,
          "attributes": {
            "content": "#!/bin/bash\n# Invalidate CloudFront cache after deployment\n    \nDISTRIBUTION_ID=\"E1CP1219GKD5ZW\"\n    \necho \"Invalidating CloudFront distribution: $DISTRIBUTION_ID\"\n    \naws cloudfront create-invalidation \\\n  --distribution-id $DISTRIBUTION_ID \\\n  --paths \"/*\"\n    \necho \"Invalidation created successfully!\"\n",
            "content_base64": null,
            "content_base64sha256": "Ka7iREmKRW71OyN4uhbIrH6aREAXmkaRba0HLYSo4uI=",
            "content_base64sha512": "woVD9UY6/Jp2vfINGo2OUat8IteOEthfP55ZnW2OxwVFW3Oy0dZfZvwSNr70skG3P1FFl1K/T2AWRc1f/qgmtg==",
            "content_md5": "efd6056c70080e8b849e0295f336d943",
            "content_sha1": "4a6f228e99deb47f48c023dad3a96f7c8ff7fe15",
            "content_sha256": "29aee244498a456ef53b2378ba16c8ac7e9a4440179a46916dad072d84a8e2e2",
            "content_sha512": "c28543f5463afc9a76bdf20d1a8d8e51ab7c22d78e12d85f3f9e599d6d8ec705455b73b2d1d65f66fc1236bef4b241b73f51459752bf4f601645cd5ffea826b6",
            "directory_permission": "0777",
            "file_permission": "0755",
            "filename": "./../../scripts/invalidate-cloudfront.sh",
            "id": "4a6f228e99deb47f48c023dad3a96f7c8ff7fe15",
            "sensitive_content": null,
            "source": null
          },
          "sensitive_attributes": [],
          "dependencies": [
            "module.frontend.aws_cloudfront_distribution.frontend",
            "module.frontend.aws_cloudfront_origin_access_control.frontend",
            "module.frontend.aws_s3_bucket.frontend"
          ]
        }
      ]
    },
    {
      "module": "module.lambda",
      "mode": "data",
      "type": "archive_file",
      "name": "analysis_trigger",
      "provider": "provider[\"registry.terraform.io/hashicorp/archive\"]",
      "instances": [
        {
          "schema_version": 0,
          "attributes": {
            "exclude_symlink_directories": null,
            "excludes": null,
            "id": "37b8a03ed97a3e0a8b93faa4f9fd2c0111c59735",
            "output_base64sha256": "M+4Lnm7DaCmXjcvhOrOrPEvAaLRlOhfTnK6GoyTWRq8=",
            "output_base64sha512": "TK/I/FvlAzO9cqo5bC5tzrOYkaiOFLpP7H9RPaWSts3prH6hQFRUUfCf6Vxc9bRA/EpgwcptZQEEW2w0PtT3yQ==",
            "output_file_mode": null,
            "output_md5": "3cd32bdcd6083972babc71283f656e90",
            "output_path": "/Users/vikas/git/focus-flow-ai/infra/terraform/../../backend/functions/analysis-trigger.zip",
            "output_sha": "37b8a03ed97a3e0a8b93faa4f9fd2c0111c59735",
            "output_sha256": "33ee0b9e6ec36829978dcbe13ab3ab3c4bc068b4653a17d39cae86a324d646af",
            "output_sha512": "4cafc8fc5be50333bd72aa396c2e6dceb39891a88e14ba4fec7f513da592b6cde9ac7ea140545451f09fe95c5cf5b440fc4a60c1ca6d6501045b6c343ed4f7c9",
            "output_size": 1691,
            "source": [],
            "source_content": null,
            "source_content_filename": null,
            "source_dir": "/Users/vikas/git/focus-flow-ai/infra/terraform/../../backend/functions/analysis-trigger",
            "source_file": null,
            "type": "zip"
          },
          "sensitive_attributes": []
        }
      ]
    },
    {
      "module": "module.lambda",
      "mode": "data",
      "type": "archive_file",
      "name": "create_profile",
      "provider": "provider[\"registry.terraform.io/hashicorp/archive\"]",
      "instances": [
        {
          "schema_version": 0,
          "attributes": {
            "exclude_symlink_directories": null,
            "excludes": null,
            "id": "54e863f2c51757743dac75727e079b3925d6c0a4",
            "output_base64sha256": "e3BrPVOgvEcZmKptLAHnHODtBzhrDr8IUey9BvJziGc=",
            "output_base64sha512": "5xwwNtgocfBOcQlWysATPk2QZQbjcJuNf6bz53KeS5h4ClhFiNlFzqSOXzTdL/NgELFUFC49xqtcP8S/W4fZfw==",
            "output_file_mode": null,
            "output_md5": "bc76ae0f86a23c1ce2c36ff250b40cbc",
            "output_path": "/Users/vikas/git/focus-flow-ai/infra/terraform/../../backend/functions/create-profile.zip",
            "output_sha": "54e863f2c51757743dac75727e079b3925d6c0a4",
            "output_sha256": "7b706b3d53a0bc471998aa6d2c01e71ce0ed07386b0ebf0851ecbd06f2738867",
            "output_sha512": "e71c3036d82871f04e710956cac0133e4d906506e3709b8d7fa6f3e7729e4b98780a584588d945cea48e5f34dd2ff36010b154142e3dc6ab5c3fc4bf5b87d97f",
            "output_size": 1556,
            "source": [],
            "source_content": null,
            "source_content_filename": null,
            "source_dir": "/Users/vikas/git/focus-flow-ai/infra/terraform/../../backend/functions/create-profile",
            "source_file": null,
            "type": "zip"
          },
          "sensitive_attributes": []
        }
      ]
    },
    {
      "module": "module.lambda",
      "mode": "data",
      "type": "archive_file",
      "name": "data_ingestor",
      "provider": "provider[\"registry.terraform.io/hashicorp/archive\"]",
      "instances": [
        {
          "schema_version": 0,
          "attributes": {
            "exclude_symlink_directories": null,
            "excludes": null,
            "id": "9b4d3197162ae9fe8c48e379d49835e1c6f11346",
            "output_base64sha256": "xrSrc0tDDJDr5JC6M7A/NNcOllqm+vrxghp8iuQ1AmE=",
            "output_base64sha512": "u1Xa7LsuscLMWQJ4XTV5VZHzPqxcRIz3Vd7NojevSrZGmcIWEDc+y7VXYH9UCOP8ZPIgzaikwgLVdP99tKQPyw==",
            "output_file_mode": null,
            "output_md5": "542ab6fb973399eccb25eb1d55cac8c3",
            "output_path": "/Users/vikas/git/focus-flow-ai/infra/terraform/../../backend/functions/data-ingestor.zip",
            "output_sha": "9b4d3197162ae9fe8c48e379d49835e1c6f11346",
            "output_sha256": "c6b4ab734b430c90ebe490ba33b03f34d70e965aa6fafaf1821a7c8ae4350261",
            "output_sha512": "bb55daecbb2eb1c2cc5902785d35795591f33eac5c448cf755decda237af4ab64699c21610373ecbb557607f5408e3fc64f220cda8a4c202d574ff7db4a40fcb",
            "output_size": 1524,
            "source": [],
            "source_content": null,
            "source_content_filename": null,
            "source_dir": "/Users/vikas/git/focus-flow-ai/infra/terraform/../../backend/functions/data-ingestor",
            "source_file": null,
            "type": "zip"
          },
          "sensitive_attributes": []
        }
      ]
    },
    {
      "module": "module.lambda",
      "mode": "data",
      "type": "archive_file",
      "name": "delete_profile",
      "provider": "provider[\"registry.terraform.io/hashicorp/archive\"]",
      "instances": [
        {
          "schema_version": 0,
          "attributes": {
            "exclude_symlink_directories": null,
            "excludes": null,
            "id": "0b53ecadd7bcee7fb1a0786879bfb72ec171aab6",
            "output_base64sha256": "sQgddL7nL+d0cR6kMhk6uek94fYocX0UazjBOUu+iZ0=",
            "output_base64sha512": "GLIA2fFWSjSuH3CZZEhnb1FDM3lii1HRtDr0NCb+QuROc6/i4AO6qCAu/oMClyWB+upD8DufU7ZWZ7uMrIx8jA==",
            "output_file_mode": null,
            "output_md5": "ea93d0c9b71cd320fae7bc82a5ad9ed3",
            "output_path": "/Users/vikas/git/focus-flow-ai/infra/terraform/../../backend/functions/delete-profile.zip",
            "output_sha": "0b53ecadd7bcee7fb1a0786879bfb72ec171aab6",
            "output_sha256": "b1081d74bee72fe774711ea432193ab9e93de1f628717d146b38c1394bbe899d",
            "output_sha512": "18b200d9f1564a34ae1f70996448676f51433379628b51d1b43af43426fe42e44e73afe2e003baa8202efe8302972581faea43f03b9f53b65667bb8cac8c7c8c",
            "output_size": 992,
            "source": [],
            "source_content": null,
            "source_content_filename": null,
            "source_dir": "/Users/vikas/git/focus-flow-ai/infra/terraform/../../backend/functions/delete-profile",
            "source_file": null,
            "type": "zip"
          },
          "sensitive_attributes": []
        }
      ]
    },
    {
      "module": "module.lambda",
      "mode": "data",
      "type": "archive_file",
      "name": "get_profiles",
      "provider": "provider[\"registry.terraform.io/hashicorp/archive\"]",
      "instances": [
        {
          "schema_version": 0,
          "attributes": {
            "exclude_symlink_directories": null,
            "excludes": null,
            "id": "56033b2cd0446b44db2efb18f133d6858f6d3fe8",
            "output_base64sha256": "RLJgivBYO+c+kqF3S5oGKbT8+m90chlbG0sFp+GGRk8=",
            "output_base64sha512": "mC+EYjjlmpfDHXZRuLMDvFOpkRmPZ3fuhTfEpu+m6tiD04iXdXpD2IN4pMz4Jin24N1VlLC/hcNy5QWSA0S29g==",
            "output_file_mode": null,
            "output_md5": "5397d69dddf5bec1bd1e567c4dbb6f10",
            "output_path": "/Users/vikas/git/focus-flow-ai/infra/terraform/../../backend/functions/get-profiles.zip",
            "output_sha": "56033b2cd0446b44db2efb18f133d6858f6d3fe8",
            "output_sha256": "44b2608af0583be73e92a1774b9a0629b4fcfa6f7472195b1b4b05a7e186464f",
            "output_sha512": "982f846238e59a97c31d7651b8b303bc53a991198f6777ee8537c4a6efa6ead883d38897757a43d88378a4ccf82629f6e0dd5594b0bf85c372e505920344b6f6",
            "output_size": 1215,
            "source": [],
            "source_content": null,
            "source_content_filename": null,
            "source_dir": "/Users/vikas/git/focus-flow-ai/infra/terraform/../../backend/functions/get-profiles",
            "source_file": null,
            "type": "zip"
          },
          "sensitive_attributes": []
        }
      ]
    },
    {
      "module": "module.lambda",
      "mode": "data",
      "type": "archive_file",
      "name": "get_reports",
      "provider": "provider[\"registry.terraform.io/hashicorp/archive\"]",
      "instances": [
        {
          "schema_version": 0,
          "attributes": {
            "exclude_symlink_directories": null,
            "excludes": null,
            "id": "df06c34d55671edc7335b27e4a62c3044f5f6163",
            "output_base64sha256": "nOjsWiD87Y7YpT4yidDFh2YffhTHs085UDQmtOXnios=",
            "output_base64sha512": "JYy8XO4Fkgv9MQJeuNMtJcOf7NFE6EjvPIuyWSql9GJ+aznHuzoyMCNjgoWIQ/3H5xpegwcSRSIF++jF/InJxQ==",
            "output_file_mode": null,
            "output_md5": "0010c570fc3020111d8a64a1e2cdd271",
            "output_path": "/Users/vikas/git/focus-flow-ai/infra/terraform/../../backend/functions/get-reports.zip",
            "output_sha": "df06c34d55671edc7335b27e4a62c3044f5f6163",
            "output_sha256": "9ce8ec5a20fced8ed8a53e3289d0c587661f7e14c7b34f39503426b4e5e78a8b",
            "output_sha512": "258cbc5cee05920bfd31025eb8d32d25c39fecd144e848ef3c8bb2592aa5f4627e6b39c7bb3a3230236382858843fdc7e71a5e830712452205fbe8c5fc89c9c5",
            "output_size": 1117,
            "source": [],
            "source_content": null,
            "source_content_filename": null,
            "source_dir": "/Users/vikas/git/focus-flow-ai/infra/terraform/../../backend/functions/get-reports",
            "source_file": null,
            "type": "zip"
          },
          "sensitive_attributes": []
        }
      ]
    },
    {
      "module": "module.lambda",
      "mode": "data",
      "type": "archive_file",
      "name": "metrics_calculator",
      "provider": "provider[\"registry.terraform.io/hashicorp/archive\"]",
      "instances": [
        {
          "schema_version": 0,
          "attributes": {
            "exclude_symlink_directories": null,
            "excludes": null,
            "id": "da9b0008c07ba73a1191ad7df53239941513f0fe",
            "output_base64sha256": "3JraPfSAg83FukRcXWn5Ja6/sOcsp994qfUK98CSlQI=",
            "output_base64sha512": "re8H4r3hEiOGblbuCgDLrWRTksbaIZb6x19S/jZHmAnXKoEk/G9yIJRL+WuzaCGFC4piTSlPjjlhcMYJapXxVA==",
            "output_file_mode": null,
            "output_md5": "dc7959464065456d4beff4d5a4c023e8",
            "output_path": "/Users/vikas/git/focus-flow-ai/infra/terraform/../../backend/functions/metrics-calculator.zip",
            "output_sha": "da9b0008c07ba73a1191ad7df53239941513f0fe",
            "output_sha256": "dc9ada3df48083cdc5ba445c5d69f925aebfb0e72ca7df78a9f50af7c0929502",
            "output_sha512": "adef07e2bde11223866e56ee0a00cbad645392c6da2196fac75f52fe36479809d72a8124fc6f7220944bf96bb36821850b8a624d294f8e396170c6096a95f154",
            "output_size": 1295,
            "source": [],
            "source_content": null,
            "source_content_filename": null,
            "source_dir": "/Users/vikas/git/focus-flow-ai/infra/terraform/../../backend/functions/metrics-calculator",
            "source_file": null,
            "type": "zip"
          },
          "sensitive_attributes": []
        }
      ]
    },
    {
      "module": "module.lambda",
      "mode": "managed",
      "type": "aws_cloudwatch_log_group",
      "name": "create_profile",
      "provider": "provider[\"registry.terraform.io/hashicorp/aws\"]",
      "instances": [
        {
          "schema_version": 0,
          "attributes": {
            "arn": "arn:aws:logs:us-east-1:394686422000:log-group:/aws/lambda/focusflow-create-profile-dev",
            "id": "/aws/lambda/focusflow-create-profile-dev",
            "kms_key_id": "",
            "log_group_class": "STANDARD",
            "name": "/aws/lambda/focusflow-create-profile-dev",
            "name_prefix": "",
            "retention_in_days": 7,
            "skip_destroy": false,
            "tags": {},
            "tags_all": {
              "Environment": "dev",
              "ManagedBy": "Terraform",
              "Project": "FocusFlow-AI"
            }
          },
          "sensitive_attributes": [],
          "private": "bnVsbA==",
          "dependencies": [
            "module.dynamodb.aws_dynamodb_table.profiles",
            "module.lambda.aws_iam_role.lambda_role",
            "module.lambda.aws_lambda_function.create_profile",
            "module.lambda.data.archive_file.create_profile"
          ]
        }
      ]
    },
    {
      "module": "module.lambda",
      "mode": "managed",
      "type": "aws_cloudwatch_log_group",
      "name": "delete_profile",
      "provider": "provider[\"registry.terraform.io/hashicorp/aws\"]",
      "instances": [
        {
          "schema_version": 0,
          "attributes": {
            "arn": "arn:aws:logs:us-east-1:394686422000:log-group:/aws/lambda/focusflow-delete-profile-dev",
            "id": "/aws/lambda/focusflow-delete-profile-dev",
            "kms_key_id": "",
            "log_group_class": "STANDARD",
            "name": "/aws/lambda/focusflow-delete-profile-dev",
            "name_prefix": "",
            "retention_in_days": 7,
            "skip_destroy": false,
            "tags": {},
            "tags_all": {
              "Environment": "dev",
              "ManagedBy": "Terraform",
              "Project": "FocusFlow-AI"
            }
          },
          "sensitive_attributes": [],
          "private": "bnVsbA==",
          "dependencies": [
            "module.dynamodb.aws_dynamodb_table.profiles",
            "module.lambda.aws_iam_role.lambda_role",
            "module.lambda.aws_lambda_function.delete_profile",
            "module.lambda.data.archive_file.delete_profile"
          ]
        }
      ]
    },
    {
      "module": "module.lambda",
      "mode": "managed",
      "type": "aws_cloudwatch_log_group",
      "name": "get_profiles",
      "provider": "provider[\"registry.terraform.io/hashicorp/aws\"]",
      "instances": [
        {
          "schema_version": 0,
          "attributes": {
            "arn": "arn:aws:logs:us-east-1:394686422000:log-group:/aws/lambda/focusflow-get-profiles-dev",
            "id": "/aws/lambda/focusflow-get-profiles-dev",
            "kms_key_id": "",
            "log_group_class": "STANDARD",
            "name": "/aws/lambda/focusflow-get-profiles-dev",
            "name_prefix": "",
            "retention_in_days": 7,
            "skip_destroy": false,
            "tags": {},
            "tags_all": {
              "Environment": "dev",
              "ManagedBy": "Terraform",
              "Project": "FocusFlow-AI"
            }
          },
          "sensitive_attributes": [],
          "private": "bnVsbA==",
          "dependencies": [
            "module.dynamodb.aws_dynamodb_table.profiles",
            "module.lambda.aws_iam_role.lambda_role",
            "module.lambda.aws_lambda_function.get_profiles",
            "module.lambda.data.archive_file.get_profiles"
          ]
        }
      ]
    },
    {
      "module": "module.lambda",
      "mode": "managed",
      "type": "aws_iam_role",
      "name": "lambda_role",
      "provider": "provider[\"registry.terraform.io/hashicorp/aws\"]",
      "instances": [
        {
          "schema_version": 0,
          "attributes": {
            "arn": "arn:aws:iam::394686422000:role/focusflow-lambda-role-dev",
            "assume_role_policy": "{\"Statement\":[{\"Action\":\"sts:AssumeRole\",\"Effect\":\"Allow\",\"Principal\":{\"Service\":\"lambda.amazonaws.com\"}}],\"Version\":\"2012-10-17\"}",
            "create_date": "2025-10-16T03:15:13Z",
            "description": "",
            "force_detach_policies": false,
            "id": "focusflow-lambda-role-dev",
            "inline_policy": [
              {
                "name": "focusflow-lambda-bedrock-policy-dev",
                "policy": "{\"Version\":\"2012-10-17\",\"Statement\":[{\"Action\":[\"bedrock:InvokeAgent\"],\"Effect\":\"Allow\",\"Resource\":\"*\"}]}"
              },
              {
                "name": "focusflow-lambda-dynamodb-policy-dev",
                "policy": "{\"Version\":\"2012-10-17\",\"Statement\":[{\"Action\":[\"dynamodb:PutItem\",\"dynamodb:GetItem\",\"dynamodb:Query\",\"dynamodb:Scan\"],\"Effect\":\"Allow\",\"Resource\":[\"arn:aws:dynamodb:us-east-1:394686422000:table/focusflow-reports-dev\",\"arn:aws:dynamodb:us-east-1:394686422000:table/focusflow-reports-dev/index/*\",\"arn:aws:dynamodb:us-east-1:394686422000:table/focusflow-users-dev\"]}]}"
              },
              {
                "name": "focusflow-lambda-invoke-policy-dev",
                "policy": "{\"Version\":\"2012-10-17\",\"Statement\":[{\"Action\":[\"lambda:InvokeFunction\"],\"Effect\":\"Allow\",\"Resource\":\"arn:aws:lambda:*:*:function:focusflow-*\"}]}"
              },
              {
                "name": "focusflow-lambda-profiles-dynamodb-policy-dev",
                "policy": "{\"Version\":\"2012-10-17\",\"Statement\":[{\"Action\":[\"dynamodb:PutItem\",\"dynamodb:GetItem\",\"dynamodb:Query\",\"dynamodb:DeleteItem\"],\"Effect\":\"Allow\",\"Resource\":[\"arn:aws:dynamodb:us-east-1:394686422000:table/focusflow-profiles-dev\",\"arn:aws:dynamodb:us-east-1:394686422000:table/focusflow-profiles-dev/index/*\"]}]}"
              },
              {
                "name": "focusflow-lambda-s3-policy-dev",
                "policy": "{\"Version\":\"2012-10-17\",\"Statement\":[{\"Action\":[\"s3:GetObject\",\"s3:PutObject\"],\"Effect\":\"Allow\",\"Resource\":\"arn:aws:s3:::focusflow-sessions-dev/*\"}]}"
              },
              {
                "name": "research-rag-bedrock-policy",
                "policy": "{\"Version\":\"2012-10-17\",\"Statement\":[{\"Action\":[\"bedrock:InvokeModel\"],\"Effect\":\"Allow\",\"Resource\":\"arn:aws:bedrock:*::foundation-model/amazon.titan-embed-text-v1\"}]}"
              }
            ],
            "managed_policy_arns": [
              "arn:aws:iam::aws:policy/service-role/AWSLambdaBasicExecutionRole"
            ],
            "max_session_duration": 3600,
            "name": "focusflow-lambda-role-dev",
            "name_prefix": "",
            "path": "/",
            "permissions_boundary": "",
            "tags": {},
            "tags_all": {
              "Environment": "dev",
              "ManagedBy": "Terraform",
              "Project": "FocusFlow-AI"
            },
            "unique_id": "AROAVXZJE3PYDCACF3NCG"
          },
          "sensitive_attributes": [],
          "private": "eyJzY2hlbWFfdmVyc2lvbiI6IjAifQ=="
        }
      ]
    },
    {
      "module": "module.lambda",
      "mode": "managed",
      "type": "aws_iam_role_policy",
      "name": "lambda_bedrock",
      "provider": "provider[\"registry.terraform.io/hashicorp/aws\"]",
      "instances": [
        {
          "schema_version": 0,
          "attributes": {
            "id": "focusflow-lambda-role-dev:focusflow-lambda-bedrock-policy-dev",
            "name": "focusflow-lambda-bedrock-policy-dev",
            "name_prefix": "",
            "policy": "{\"Version\":\"2012-10-17\",\"Statement\":[{\"Action\":[\"bedrock:InvokeAgent\"],\"Effect\":\"Allow\",\"Resource\":\"*\"}]}",
            "role": "focusflow-lambda-role-dev"
          },
          "sensitive_attributes": [],
          "private": "bnVsbA==",
          "dependencies": [
            "module.lambda.aws_iam_role.lambda_role"
          ]
        }
      ]
    },
    {
      "module": "module.lambda",
      "mode": "managed",
      "type": "aws_iam_role_policy",
      "name": "lambda_dynamodb",
      "provider": "provider[\"registry.terraform.io/hashicorp/aws\"]",
      "instances": [
        {
          "schema_version": 0,
          "attributes": {
            "id": "focusflow-lambda-role-dev:focusflow-lambda-dynamodb-policy-dev",
            "name": "focusflow-lambda-dynamodb-policy-dev",
            "name_prefix": "",
            "policy": "{\"Version\":\"2012-10-17\",\"Statement\":[{\"Action\":[\"dynamodb:PutItem\",\"dynamodb:GetItem\",\"dynamodb:Query\",\"dynamodb:Scan\"],\"Effect\":\"Allow\",\"Resource\":[\"arn:aws:dynamodb:us-east-1:394686422000:table/focusflow-reports-dev\",\"arn:aws:dynamodb:us-east-1:394686422000:table/focusflow-reports-dev/index/*\",\"arn:aws:dynamodb:us-east-1:394686422000:table/focusflow-users-dev\"]}]}",
            "role": "focusflow-lambda-role-dev"
          },
          "sensitive_attributes": [],
          "private": "bnVsbA==",
          "dependencies": [
            "module.dynamodb.aws_dynamodb_table.reports",
            "module.dynamodb.aws_dynamodb_table.users",
            "module.lambda.aws_iam_role.lambda_role"
          ]
        }
      ]
    },
    {
      "module": "module.lambda",
      "mode": "managed",
      "type": "aws_iam_role_policy",
      "name": "lambda_profiles_dynamodb",
      "provider": "provider[\"registry.terraform.io/hashicorp/aws\"]",
      "instances": [
        {
          "schema_version": 0,
          "attributes": {
            "id": "focusflow-lambda-role-dev:focusflow-lambda-profiles-dynamodb-policy-dev",
            "name": "focusflow-lambda-profiles-dynamodb-policy-dev",
            "name_prefix": "",
            "policy": "{\"Version\":\"2012-10-17\",\"Statement\":[{\"Action\":[\"dynamodb:PutItem\",\"dynamodb:GetItem\",\"dynamodb:Query\",\"dynamodb:DeleteItem\"],\"Effect\":\"Allow\",\"Resource\":[\"arn:aws:dynamodb:us-east-1:394686422000:table/focusflow-profiles-dev\",\"arn:aws:dynamodb:us-east-1:394686422000:table/focusflow-profiles-dev/index/*\"]}]}",
            "role": "focusflow-lambda-role-dev"
          },
          "sensitive_attributes": [],
          "private": "bnVsbA==",
          "dependencies": [
            "module.dynamodb.aws_dynamodb_table.profiles",
            "module.lambda.aws_iam_role.lambda_role"
          ]
        }
      ]
    },
    {
      "module": "module.lambda",
      "mode": "managed",
      "type": "aws_iam_role_policy",
      "name": "lambda_s3",
      "provider": "provider[\"registry.terraform.io/hashicorp/aws\"]",
      "instances": [
        {
          "schema_version": 0,
          "attributes": {
            "id": "focusflow-lambda-role-dev:focusflow-lambda-s3-policy-dev",
            "name": "focusflow-lambda-s3-policy-dev",
            "name_prefix": "",
            "policy": "{\"Version\":\"2012-10-17\",\"Statement\":[{\"Action\":[\"s3:GetObject\",\"s3:PutObject\"],\"Effect\":\"Allow\",\"Resource\":\"arn:aws:s3:::focusflow-sessions-dev/*\"}]}",
            "role": "focusflow-lambda-role-dev"
          },
          "sensitive_attributes": [],
          "private": "bnVsbA==",
          "dependencies": [
            "module.lambda.aws_iam_role.lambda_role",
            "module.s3.aws_s3_bucket.sessions"
          ]
        }
      ]
    },
    {
      "module": "module.lambda",
      "mode": "managed",
      "type": "aws_iam_role_policy_attachment",
      "name": "lambda_basic",
      "provider": "provider[\"registry.terraform.io/hashicorp/aws\"]",
      "instances": [
        {
          "schema_version": 0,
          "attributes": {
            "id": "focusflow-lambda-role-dev-20251018002446769800000001",
            "policy_arn": "arn:aws:iam::aws:policy/service-role/AWSLambdaBasicExecutionRole",
            "role": "focusflow-lambda-role-dev"
          },
          "sensitive_attributes": [],
          "private": "bnVsbA==",
          "dependencies": [
            "module.lambda.aws_iam_role.lambda_role"
          ]
        }
      ]
    },
    {
      "module": "module.lambda",
      "mode": "managed",
      "type": "aws_lambda_function",
      "name": "create_profile",
      "provider": "provider[\"registry.terraform.io/hashicorp/aws\"]",
      "instances": [
        {
          "schema_version": 0,
          "attributes": {
            "architectures": [
              "x86_64"
            ],
            "arn": "arn:aws:lambda:us-east-1:394686422000:function:focusflow-create-profile-dev",
            "code_sha256": "e3BrPVOgvEcZmKptLAHnHODtBzhrDr8IUey9BvJziGc=",
            "code_signing_config_arn": "",
            "dead_letter_config": [],
            "description": "",
            "environment": [
              {
                "variables": {
                  "PROFILES_TABLE_NAME": "focusflow-profiles-dev"
                }
              }
            ],
            "ephemeral_storage": [
              {
                "size": 512
              }
            ],
            "file_system_config": [],
            "filename": "./../../backend/functions/create-profile.zip",
            "function_name": "focusflow-create-profile-dev",
            "handler": "index.handler",
            "id": "focusflow-create-profile-dev",
            "image_config": [],
            "image_uri": "",
            "invoke_arn": "arn:aws:apigateway:us-east-1:lambda:path/2015-03-31/functions/arn:aws:lambda:us-east-1:394686422000:function:focusflow-create-profile-dev/invocations",
            "kms_key_arn": "",
            "last_modified": "2025-10-18T02:28:50.000+0000",
            "layers": [],
            "logging_config": [
              {
                "application_log_level": "",
                "log_format": "Text",
                "log_group": "/aws/lambda/focusflow-create-profile-dev",
                "system_log_level": ""
              }
            ],
            "memory_size": 256,
            "package_type": "Zip",
            "publish": false,
            "qualified_arn": "arn:aws:lambda:us-east-1:394686422000:function:focusflow-create-profile-dev:$LATEST",
            "qualified_invoke_arn": "arn:aws:apigateway:us-east-1:lambda:path/2015-03-31/functions/arn:aws:lambda:us-east-1:394686422000:function:focusflow-create-profile-dev:$LATEST/invocations",
            "replace_security_groups_on_destroy": null,
            "replacement_security_group_ids": null,
            "reserved_concurrent_executions": -1,
            "role": "arn:aws:iam::394686422000:role/focusflow-lambda-role-dev",
            "runtime": "nodejs20.x",
            "s3_bucket": null,
            "s3_key": null,
            "s3_object_version": null,
            "signing_job_arn": "",
            "signing_profile_version_arn": "",
            "skip_destroy": false,
            "snap_start": [],
            "source_code_hash": "e3BrPVOgvEcZmKptLAHnHODtBzhrDr8IUey9BvJziGc=",
            "source_code_size": 1556,
            "tags": {},
            "tags_all": {
              "Environment": "dev",
              "ManagedBy": "Terraform",
              "Project": "FocusFlow-AI"
            },
            "timeout": 10,
            "timeouts": null,
            "tracing_config": [
              {
                "mode": "PassThrough"
              }
            ],
            "version": "$LATEST",
            "vpc_config": []
          },
          "sensitive_attributes": [],
          "private": "eyJlMmJmYjczMC1lY2FhLTExZTYtOGY4OC0zNDM2M2JjN2M0YzAiOnsiY3JlYXRlIjo2MDAwMDAwMDAwMDAsImRlbGV0ZSI6NjAwMDAwMDAwMDAwLCJ1cGRhdGUiOjYwMDAwMDAwMDAwMH19",
          "dependencies": [
            "module.dynamodb.aws_dynamodb_table.profiles",
            "module.lambda.aws_iam_role.lambda_role",
            "module.lambda.data.archive_file.create_profile"
          ]
        }
      ]
    },
    {
      "module": "module.lambda",
      "mode": "managed",
      "type": "aws_lambda_function",
      "name": "data_ingestor",
      "provider": "provider[\"registry.terraform.io/hashicorp/aws\"]",
      "instances": [
        {
          "schema_version": 0,
          "attributes": {
            "architectures": [
              "x86_64"
            ],
            "arn": "arn:aws:lambda:us-east-1:394686422000:function:focusflow-data-ingestor-dev",
            "code_sha256": "xrSrc0tDDJDr5JC6M7A/NNcOllqm+vrxghp8iuQ1AmE=",
            "code_signing_config_arn": "",
            "dead_letter_config": [],
            "description": "",
            "environment": [
              {
                "variables": {
                  "S3_BUCKET_NAME": "focusflow-sessions-dev",
                  "USERS_TABLE_NAME": "focusflow-users-dev"
                }
              }
            ],
            "ephemeral_storage": [
              {
                "size": 512
              }
            ],
            "file_system_config": [],
            "filename": "./../../backend/functions/data-ingestor.zip",
            "function_name": "focusflow-data-ingestor-dev",
            "handler": "index.handler",
            "id": "focusflow-data-ingestor-dev",
            "image_config": [],
            "image_uri": "",
            "invoke_arn": "arn:aws:apigateway:us-east-1:lambda:path/2015-03-31/functions/arn:aws:lambda:us-east-1:394686422000:function:focusflow-data-ingestor-dev/invocations",
            "kms_key_arn": "",
            "last_modified": "2025-10-19T03:48:36.000+0000",
            "layers": [],
            "logging_config": [
              {
                "application_log_level": "",
                "log_format": "Text",
                "log_group": "/aws/lambda/focusflow-data-ingestor-dev",
                "system_log_level": ""
              }
            ],
            "memory_size": 256,
            "package_type": "Zip",
            "publish": false,
            "qualified_arn": "arn:aws:lambda:us-east-1:394686422000:function:focusflow-data-ingestor-dev:$LATEST",
            "qualified_invoke_arn": "arn:aws:apigateway:us-east-1:lambda:path/2015-03-31/functions/arn:aws:lambda:us-east-1:394686422000:function:focusflow-data-ingestor-dev:$LATEST/invocations",
            "replace_security_groups_on_destroy": null,
            "replacement_security_group_ids": null,
            "reserved_concurrent_executions": -1,
            "role": "arn:aws:iam::394686422000:role/focusflow-lambda-role-dev",
            "runtime": "nodejs20.x",
            "s3_bucket": null,
            "s3_key": null,
            "s3_object_version": null,
            "signing_job_arn": "",
            "signing_profile_version_arn": "",
            "skip_destroy": false,
            "snap_start": [],
            "source_code_hash": "xrSrc0tDDJDr5JC6M7A/NNcOllqm+vrxghp8iuQ1AmE=",
            "source_code_size": 1524,
            "tags": {},
            "tags_all": {
              "Environment": "dev",
              "ManagedBy": "Terraform",
              "Project": "FocusFlow-AI"
            },
            "timeout": 30,
            "timeouts": null,
            "tracing_config": [
              {
                "mode": "PassThrough"
              }
            ],
            "version": "$LATEST",
            "vpc_config": []
          },
          "sensitive_attributes": [],
          "private": "eyJlMmJmYjczMC1lY2FhLTExZTYtOGY4OC0zNDM2M2JjN2M0YzAiOnsiY3JlYXRlIjo2MDAwMDAwMDAwMDAsImRlbGV0ZSI6NjAwMDAwMDAwMDAwLCJ1cGRhdGUiOjYwMDAwMDAwMDAwMH19",
          "dependencies": [
            "module.dynamodb.aws_dynamodb_table.users",
            "module.lambda.aws_iam_role.lambda_role",
            "module.lambda.data.archive_file.data_ingestor",
            "module.s3.aws_s3_bucket.sessions"
          ]
        }
      ]
    },
    {
      "module": "module.lambda",
      "mode": "managed",
      "type": "aws_lambda_function",
      "name": "delete_profile",
      "provider": "provider[\"registry.terraform.io/hashicorp/aws\"]",
      "instances": [
        {
          "schema_version": 0,
          "attributes": {
            "architectures": [
              "x86_64"
            ],
            "arn": "arn:aws:lambda:us-east-1:394686422000:function:focusflow-delete-profile-dev",
            "code_sha256": "sQgddL7nL+d0cR6kMhk6uek94fYocX0UazjBOUu+iZ0=",
            "code_signing_config_arn": "",
            "dead_letter_config": [],
            "description": "",
            "environment": [
              {
                "variables": {
                  "PROFILES_TABLE_NAME": "focusflow-profiles-dev"
                }
              }
            ],
            "ephemeral_storage": [
              {
                "size": 512
              }
            ],
            "file_system_config": [],
            "filename": "./../../backend/functions/delete-profile.zip",
            "function_name": "focusflow-delete-profile-dev",
            "handler": "index.handler",
            "id": "focusflow-delete-profile-dev",
            "image_config": [],
            "image_uri": "",
            "invoke_arn": "arn:aws:apigateway:us-east-1:lambda:path/2015-03-31/functions/arn:aws:lambda:us-east-1:394686422000:function:focusflow-delete-profile-dev/invocations",
            "kms_key_arn": "",
            "last_modified": "2025-10-18T00:24:58.691+0000",
            "layers": [],
            "logging_config": [
              {
                "application_log_level": "",
                "log_format": "Text",
                "log_group": "/aws/lambda/focusflow-delete-profile-dev",
                "system_log_level": ""
              }
            ],
            "memory_size": 256,
            "package_type": "Zip",
            "publish": false,
            "qualified_arn": "arn:aws:lambda:us-east-1:394686422000:function:focusflow-delete-profile-dev:$LATEST",
            "qualified_invoke_arn": "arn:aws:apigateway:us-east-1:lambda:path/2015-03-31/functions/arn:aws:lambda:us-east-1:394686422000:function:focusflow-delete-profile-dev:$LATEST/invocations",
            "replace_security_groups_on_destroy": null,
            "replacement_security_group_ids": null,
            "reserved_concurrent_executions": -1,
            "role": "arn:aws:iam::394686422000:role/focusflow-lambda-role-dev",
            "runtime": "nodejs20.x",
            "s3_bucket": null,
            "s3_key": null,
            "s3_object_version": null,
            "signing_job_arn": "",
            "signing_profile_version_arn": "",
            "skip_destroy": false,
            "snap_start": [],
            "source_code_hash": "sQgddL7nL+d0cR6kMhk6uek94fYocX0UazjBOUu+iZ0=",
            "source_code_size": 992,
            "tags": {},
            "tags_all": {
              "Environment": "dev",
              "ManagedBy": "Terraform",
              "Project": "FocusFlow-AI"
            },
            "timeout": 10,
            "timeouts": null,
            "tracing_config": [
              {
                "mode": "PassThrough"
              }
            ],
            "version": "$LATEST",
            "vpc_config": []
          },
          "sensitive_attributes": [],
          "private": "eyJlMmJmYjczMC1lY2FhLTExZTYtOGY4OC0zNDM2M2JjN2M0YzAiOnsiY3JlYXRlIjo2MDAwMDAwMDAwMDAsImRlbGV0ZSI6NjAwMDAwMDAwMDAwLCJ1cGRhdGUiOjYwMDAwMDAwMDAwMH19",
          "dependencies": [
            "module.dynamodb.aws_dynamodb_table.profiles",
            "module.lambda.aws_iam_role.lambda_role",
            "module.lambda.data.archive_file.delete_profile"
          ]
        }
      ]
    },
    {
      "module": "module.lambda",
      "mode": "managed",
      "type": "aws_lambda_function",
      "name": "get_profiles",
      "provider": "provider[\"registry.terraform.io/hashicorp/aws\"]",
      "instances": [
        {
          "schema_version": 0,
          "attributes": {
            "architectures": [
              "x86_64"
            ],
            "arn": "arn:aws:lambda:us-east-1:394686422000:function:focusflow-get-profiles-dev",
            "code_sha256": "RLJgivBYO+c+kqF3S5oGKbT8+m90chlbG0sFp+GGRk8=",
            "code_signing_config_arn": "",
            "dead_letter_config": [],
            "description": "",
            "environment": [
              {
                "variables": {
                  "PROFILES_TABLE_NAME": "focusflow-profiles-dev"
                }
              }
            ],
            "ephemeral_storage": [
              {
                "size": 512
              }
            ],
            "file_system_config": [],
            "filename": "./../../backend/functions/get-profiles.zip",
            "function_name": "focusflow-get-profiles-dev",
            "handler": "index.handler",
            "id": "focusflow-get-profiles-dev",
            "image_config": [],
            "image_uri": "",
            "invoke_arn": "arn:aws:apigateway:us-east-1:lambda:path/2015-03-31/functions/arn:aws:lambda:us-east-1:394686422000:function:focusflow-get-profiles-dev/invocations",
            "kms_key_arn": "",
            "last_modified": "2025-10-18T00:24:46.950+0000",
            "layers": [],
            "logging_config": [
              {
                "application_log_level": "",
                "log_format": "Text",
                "log_group": "/aws/lambda/focusflow-get-profiles-dev",
                "system_log_level": ""
              }
            ],
            "memory_size": 256,
            "package_type": "Zip",
            "publish": false,
            "qualified_arn": "arn:aws:lambda:us-east-1:394686422000:function:focusflow-get-profiles-dev:$LATEST",
            "qualified_invoke_arn": "arn:aws:apigateway:us-east-1:lambda:path/2015-03-31/functions/arn:aws:lambda:us-east-1:394686422000:function:focusflow-get-profiles-dev:$LATEST/invocations",
            "replace_security_groups_on_destroy": null,
            "replacement_security_group_ids": null,
            "reserved_concurrent_executions": -1,
            "role": "arn:aws:iam::394686422000:role/focusflow-lambda-role-dev",
            "runtime": "nodejs20.x",
            "s3_bucket": null,
            "s3_key": null,
            "s3_object_version": null,
            "signing_job_arn": "",
            "signing_profile_version_arn": "",
            "skip_destroy": false,
            "snap_start": [],
            "source_code_hash": "RLJgivBYO+c+kqF3S5oGKbT8+m90chlbG0sFp+GGRk8=",
            "source_code_size": 1215,
            "tags": {},
            "tags_all": {
              "Environment": "dev",
              "ManagedBy": "Terraform",
              "Project": "FocusFlow-AI"
            },
            "timeout": 10,
            "timeouts": null,
            "tracing_config": [
              {
                "mode": "PassThrough"
              }
            ],
            "version": "$LATEST",
            "vpc_config": []
          },
          "sensitive_attributes": [],
          "private": "eyJlMmJmYjczMC1lY2FhLTExZTYtOGY4OC0zNDM2M2JjN2M0YzAiOnsiY3JlYXRlIjo2MDAwMDAwMDAwMDAsImRlbGV0ZSI6NjAwMDAwMDAwMDAwLCJ1cGRhdGUiOjYwMDAwMDAwMDAwMH19",
          "dependencies": [
            "module.dynamodb.aws_dynamodb_table.profiles",
            "module.lambda.aws_iam_role.lambda_role",
            "module.lambda.data.archive_file.get_profiles"
          ]
        }
      ]
    },
    {
      "module": "module.lambda",
      "mode": "managed",
      "type": "aws_lambda_function",
      "name": "get_reports",
      "provider": "provider[\"registry.terraform.io/hashicorp/aws\"]",
      "instances": [
        {
          "schema_version": 0,
          "attributes": {
            "architectures": [
              "x86_64"
            ],
            "arn": "arn:aws:lambda:us-east-1:394686422000:function:focusflow-get-reports-dev",
            "code_sha256": "nOjsWiD87Y7YpT4yidDFh2YffhTHs085UDQmtOXnios=",
            "code_signing_config_arn": "",
            "dead_letter_config": [],
            "description": "",
            "environment": [
              {
                "variables": {
                  "REPORTS_TABLE_NAME": "focusflow-reports-dev"
                }
              }
            ],
            "ephemeral_storage": [
              {
                "size": 512
              }
            ],
            "file_system_config": [],
            "filename": "./../../backend/functions/get-reports.zip",
            "function_name": "focusflow-get-reports-dev",
            "handler": "index.handler",
            "id": "focusflow-get-reports-dev",
            "image_config": [],
            "image_uri": "",
            "invoke_arn": "arn:aws:apigateway:us-east-1:lambda:path/2015-03-31/functions/arn:aws:lambda:us-east-1:394686422000:function:focusflow-get-reports-dev/invocations",
            "kms_key_arn": "",
            "last_modified": "2025-10-19T03:48:42.000+0000",
            "layers": [],
            "logging_config": [
              {
                "application_log_level": "",
                "log_format": "Text",
                "log_group": "/aws/lambda/focusflow-get-reports-dev",
                "system_log_level": ""
              }
            ],
            "memory_size": 256,
            "package_type": "Zip",
            "publish": false,
            "qualified_arn": "arn:aws:lambda:us-east-1:394686422000:function:focusflow-get-reports-dev:$LATEST",
            "qualified_invoke_arn": "arn:aws:apigateway:us-east-1:lambda:path/2015-03-31/functions/arn:aws:lambda:us-east-1:394686422000:function:focusflow-get-reports-dev:$LATEST/invocations",
            "replace_security_groups_on_destroy": null,
            "replacement_security_group_ids": null,
            "reserved_concurrent_executions": -1,
            "role": "arn:aws:iam::394686422000:role/focusflow-lambda-role-dev",
            "runtime": "nodejs20.x",
            "s3_bucket": null,
            "s3_key": null,
            "s3_object_version": null,
            "signing_job_arn": "",
            "signing_profile_version_arn": "",
            "skip_destroy": false,
            "snap_start": [],
            "source_code_hash": "nOjsWiD87Y7YpT4yidDFh2YffhTHs085UDQmtOXnios=",
            "source_code_size": 1117,
            "tags": {},
            "tags_all": {
              "Environment": "dev",
              "ManagedBy": "Terraform",
              "Project": "FocusFlow-AI"
            },
            "timeout": 30,
            "timeouts": null,
            "tracing_config": [
              {
                "mode": "PassThrough"
              }
            ],
            "version": "$LATEST",
            "vpc_config": []
          },
          "sensitive_attributes": [],
          "private": "eyJlMmJmYjczMC1lY2FhLTExZTYtOGY4OC0zNDM2M2JjN2M0YzAiOnsiY3JlYXRlIjo2MDAwMDAwMDAwMDAsImRlbGV0ZSI6NjAwMDAwMDAwMDAwLCJ1cGRhdGUiOjYwMDAwMDAwMDAwMH19",
          "dependencies": [
            "module.dynamodb.aws_dynamodb_table.reports",
            "module.lambda.aws_iam_role.lambda_role",
            "module.lambda.data.archive_file.get_reports"
          ]
        }
      ]
    },
    {
      "module": "module.s3",
      "mode": "managed",
      "type": "aws_s3_bucket",
      "name": "sessions",
      "provider": "provider[\"registry.terraform.io/hashicorp/aws\"]",
      "instances": [
        {
          "schema_version": 0,
          "attributes": {
            "acceleration_status": "",
            "acl": null,
            "arn": "arn:aws:s3:::focusflow-sessions-dev",
            "bucket": "focusflow-sessions-dev",
            "bucket_domain_name": "focusflow-sessions-dev.s3.amazonaws.com",
            "bucket_prefix": "",
            "bucket_regional_domain_name": "focusflow-sessions-dev.s3.us-east-1.amazonaws.com",
            "cors_rule": [],
            "force_destroy": null,
            "grant": [
              {
                "id": "a3052266ce181227e8e472cd7b61e3cd9f3412558bb905ef655a969e233e3939",
                "permissions": [
                  "FULL_CONTROL"
                ],
                "type": "CanonicalUser",
                "uri": ""
              }
            ],
            "hosted_zone_id": "Z3AQBSTGFYJSTF",
            "id": "focusflow-sessions-dev",
            "lifecycle_rule": [
              {
                "abort_incomplete_multipart_upload_days": 0,
                "enabled": true,
                "expiration": [
                  {
                    "date": "",
                    "days": 365,
                    "expired_object_delete_marker": false
                  }
                ],
                "id": "archive-old-sessions",
                "noncurrent_version_expiration": [],
                "noncurrent_version_transition": [],
                "prefix": "sessions/",
                "tags": {},
                "transition": [
                  {
                    "date": "",
                    "days": 90,
                    "storage_class": "GLACIER"
                  }
                ]
              }
            ],
            "logging": [],
            "object_lock_configuration": [],
            "object_lock_enabled": false,
            "policy": "",
            "region": "us-east-1",
            "replication_configuration": [],
            "request_payer": "BucketOwner",
            "server_side_encryption_configuration": [
              {
                "rule": [
                  {
                    "apply_server_side_encryption_by_default": [
                      {
                        "kms_master_key_id": "",
                        "sse_algorithm": "AES256"
                      }
                    ],
                    "bucket_key_enabled": false
                  }
                ]
              }
            ],
            "tags": {
              "Name": "focusflow-sessions-dev"
            },
            "tags_all": {
              "Environment": "dev",
              "ManagedBy": "Terraform",
              "Name": "focusflow-sessions-dev",
              "Project": "FocusFlow-AI"
            },
            "timeouts": null,
            "versioning": [
              {
                "enabled": true,
                "mfa_delete": false
              }
            ],
            "website": [],
            "website_domain": null,
            "website_endpoint": null
          },
          "sensitive_attributes": [],
          "private": "eyJlMmJmYjczMC1lY2FhLTExZTYtOGY4OC0zNDM2M2JjN2M0YzAiOnsiY3JlYXRlIjoxMjAwMDAwMDAwMDAwLCJkZWxldGUiOjM2MDAwMDAwMDAwMDAsInJlYWQiOjEyMDAwMDAwMDAwMDAsInVwZGF0ZSI6MTIwMDAwMDAwMDAwMH0sInNjaGVtYV92ZXJzaW9uIjoiMCJ9"
        }
      ]
    },
    {
      "module": "module.s3",
      "mode": "managed",
      "type": "aws_s3_bucket_lifecycle_configuration",
      "name": "sessions",
      "provider": "provider[\"registry.terraform.io/hashicorp/aws\"]",
      "instances": [
        {
          "schema_version": 1,
          "attributes": {
            "bucket": "focusflow-sessions-dev",
            "expected_bucket_owner": "",
            "id": "focusflow-sessions-dev",
            "rule": [
              {
                "abort_incomplete_multipart_upload": [],
                "expiration": [
                  {
                    "date": null,
                    "days": 365,
                    "expired_object_delete_marker": false
                  }
                ],
                "filter": [
                  {
                    "and": [],
                    "object_size_greater_than": null,
                    "object_size_less_than": null,
                    "prefix": "sessions/",
                    "tag": []
                  }
                ],
                "id": "archive-old-sessions",
                "noncurrent_version_expiration": [],
                "noncurrent_version_transition": [],
                "prefix": "",
                "status": "Enabled",
                "transition": [
                  {
                    "date": null,
                    "days": 90,
                    "storage_class": "GLACIER"
                  }
                ]
              }
            ],
            "timeouts": null,
            "transition_default_minimum_object_size": "all_storage_classes_128K"
          },
          "sensitive_attributes": [],
          "dependencies": [
            "module.s3.aws_s3_bucket.sessions"
          ]
        }
      ]
    },
    {
      "module": "module.s3",
      "mode": "managed",
      "type": "aws_s3_bucket_public_access_block",
      "name": "sessions",
      "provider": "provider[\"registry.terraform.io/hashicorp/aws\"]",
      "instances": [
        {
          "schema_version": 0,
          "attributes": {
            "block_public_acls": true,
            "block_public_policy": true,
            "bucket": "focusflow-sessions-dev",
            "id": "focusflow-sessions-dev",
            "ignore_public_acls": true,
            "restrict_public_buckets": true
          },
          "sensitive_attributes": [],
          "private": "bnVsbA==",
          "dependencies": [
            "module.s3.aws_s3_bucket.sessions"
          ]
        }
      ]
    },
    {
      "module": "module.s3",
      "mode": "managed",
      "type": "aws_s3_bucket_server_side_encryption_configuration",
      "name": "sessions",
      "provider": "provider[\"registry.terraform.io/hashicorp/aws\"]",
      "instances": [
        {
          "schema_version": 0,
          "attributes": {
            "bucket": "focusflow-sessions-dev",
            "expected_bucket_owner": "",
            "id": "focusflow-sessions-dev",
            "rule": [
              {
                "apply_server_side_encryption_by_default": [
                  {
                    "kms_master_key_id": "",
                    "sse_algorithm": "AES256"
                  }
                ],
                "bucket_key_enabled": false
              }
            ]
          },
          "sensitive_attributes": [],
          "private": "bnVsbA==",
          "dependencies": [
            "module.s3.aws_s3_bucket.sessions"
          ]
        }
      ]
    },
    {
      "module": "module.s3",
      "mode": "managed",
      "type": "aws_s3_bucket_versioning",
      "name": "sessions",
      "provider": "provider[\"registry.terraform.io/hashicorp/aws\"]",
      "instances": [
        {
          "schema_version": 0,
          "attributes": {
            "bucket": "focusflow-sessions-dev",
            "expected_bucket_owner": "",
            "id": "focusflow-sessions-dev",
            "mfa": null,
            "versioning_configuration": [
              {
                "mfa_delete": "",
                "status": "Enabled"
              }
            ]
          },
          "sensitive_attributes": [],
          "private": "bnVsbA==",
          "dependencies": [
            "module.s3.aws_s3_bucket.sessions"
          ]
        }
      ]
    },
    {
      "module": "module.vpc",
      "mode": "data",
      "type": "aws_availability_zones",
      "name": "available",
      "provider": "provider[\"registry.terraform.io/hashicorp/aws\"]",
      "instances": [
        {
          "schema_version": 0,
          "attributes": {
            "all_availability_zones": null,
            "exclude_names": null,
            "exclude_zone_ids": null,
            "filter": null,
            "group_names": [
              "us-east-1-zg-1"
            ],
            "id": "us-east-1",
            "names": [
              "us-east-1a",
              "us-east-1b",
              "us-east-1c",
              "us-east-1d",
              "us-east-1e",
              "us-east-1f"
            ],
            "state": "available",
            "timeouts": null,
            "zone_ids": [
              "use1-az1",
              "use1-az2",
              "use1-az4",
              "use1-az6",
              "use1-az3",
              "use1-az5"
            ]
          },
          "sensitive_attributes": []
        }
      ]
    },
    {
      "module": "module.vpc",
      "mode": "managed",
      "type": "aws_eip",
      "name": "nat",
      "provider": "provider[\"registry.terraform.io/hashicorp/aws\"]",
      "instances": [
        {
          "schema_version": 0,
          "attributes": {
            "address": null,
            "allocation_id": "eipalloc-01440e569201fbde5",
            "arn": "arn:aws:ec2:us-east-1:394686422000:elastic-ip/eipalloc-01440e569201fbde5",
            "associate_with_private_ip": null,
            "association_id": "eipassoc-053b56aa987abb5f2",
            "carrier_ip": "",
            "customer_owned_ip": "",
            "customer_owned_ipv4_pool": "",
            "domain": "vpc",
            "id": "eipalloc-01440e569201fbde5",
            "instance": "",
            "ipam_pool_id": null,
            "network_border_group": "us-east-1",
            "network_interface": "eni-0517f666465add2ca",
            "private_dns": "ip-10-0-15-13.ec2.internal",
            "private_ip": "10.0.15.13",
            "ptr_record": "",
            "public_dns": "ec2-100-29-127-16.compute-1.amazonaws.com",
            "public_ip": "100.29.127.16",
            "public_ipv4_pool": "amazon",
            "tags": {
              "Environment": "dev",
              "Name": "focusflow-nat-eip-dev"
            },
            "tags_all": {
              "Environment": "dev",
              "ManagedBy": "Terraform",
              "Name": "focusflow-nat-eip-dev",
              "Project": "FocusFlow-AI"
            },
            "timeouts": null,
            "vpc": true
          },
          "sensitive_attributes": [],
          "private": "eyJlMmJmYjczMC1lY2FhLTExZTYtOGY4OC0zNDM2M2JjN2M0YzAiOnsiZGVsZXRlIjoxODAwMDAwMDAwMDAsInJlYWQiOjkwMDAwMDAwMDAwMCwidXBkYXRlIjozMDAwMDAwMDAwMDB9fQ=="
        }
      ]
    },
    {
      "module": "module.vpc",
      "mode": "managed",
      "type": "aws_internet_gateway",
      "name": "main",
      "provider": "provider[\"registry.terraform.io/hashicorp/aws\"]",
      "instances": [
        {
          "schema_version": 0,
          "attributes": {
            "arn": "arn:aws:ec2:us-east-1:394686422000:internet-gateway/igw-0034c3f79d35bca73",
            "id": "igw-0034c3f79d35bca73",
            "owner_id": "394686422000",
            "tags": {
              "Environment": "dev",
              "Name": "focusflow-igw-dev"
            },
            "tags_all": {
              "Environment": "dev",
              "ManagedBy": "Terraform",
              "Name": "focusflow-igw-dev",
              "Project": "FocusFlow-AI"
            },
            "timeouts": null,
            "vpc_id": "vpc-01adc33242b5d4d5c"
          },
          "sensitive_attributes": [],
          "private": "eyJlMmJmYjczMC1lY2FhLTExZTYtOGY4OC0zNDM2M2JjN2M0YzAiOnsiY3JlYXRlIjoxMjAwMDAwMDAwMDAwLCJkZWxldGUiOjEyMDAwMDAwMDAwMDAsInVwZGF0ZSI6MTIwMDAwMDAwMDAwMH19",
          "dependencies": [
            "module.vpc.aws_vpc.main"
          ]
        }
      ]
    },
    {
      "module": "module.vpc",
      "mode": "managed",
      "type": "aws_nat_gateway",
      "name": "main",
      "provider": "provider[\"registry.terraform.io/hashicorp/aws\"]",
      "instances": [
        {
          "schema_version": 0,
          "attributes": {
            "allocation_id": "eipalloc-01440e569201fbde5",
            "association_id": "eipassoc-053b56aa987abb5f2",
            "connectivity_type": "public",
            "id": "nat-012f907ae9eed3bb0",
            "network_interface_id": "eni-0517f666465add2ca",
            "private_ip": "10.0.15.13",
            "public_ip": "100.29.127.16",
            "secondary_allocation_ids": [],
            "secondary_private_ip_address_count": 0,
            "secondary_private_ip_addresses": [],
            "subnet_id": "subnet-0925f9add09aca2ef",
            "tags": {
              "Environment": "dev",
              "Name": "focusflow-nat-dev"
            },
            "tags_all": {
              "Environment": "dev",
              "ManagedBy": "Terraform",
              "Name": "focusflow-nat-dev",
              "Project": "FocusFlow-AI"
            },
            "timeouts": null
          },
          "sensitive_attributes": [],
          "private": "eyJlMmJmYjczMC1lY2FhLTExZTYtOGY4OC0zNDM2M2JjN2M0YzAiOnsiY3JlYXRlIjo2MDAwMDAwMDAwMDAsImRlbGV0ZSI6MTgwMDAwMDAwMDAwMCwidXBkYXRlIjo2MDAwMDAwMDAwMDB9fQ==",
          "dependencies": [
            "module.vpc.aws_eip.nat",
            "module.vpc.aws_subnet.public",
            "module.vpc.aws_vpc.main",
            "module.vpc.data.aws_availability_zones.available"
          ]
        }
      ]
    },
    {
      "module": "module.vpc",
      "mode": "managed",
      "type": "aws_route_table",
      "name": "private",
      "provider": "provider[\"registry.terraform.io/hashicorp/aws\"]",
      "instances": [
        {
          "schema_version": 0,
          "attributes": {
            "arn": "arn:aws:ec2:us-east-1:394686422000:route-table/rtb-06c00d7404a93a460",
            "id": "rtb-06c00d7404a93a460",
            "owner_id": "394686422000",
            "propagating_vgws": [],
            "route": [
              {
                "carrier_gateway_id": "",
                "cidr_block": "0.0.0.0/0",
                "core_network_arn": "",
                "destination_prefix_list_id": "",
                "egress_only_gateway_id": "",
                "gateway_id": "",
                "ipv6_cidr_block": "",
                "local_gateway_id": "",
                "nat_gateway_id": "nat-012f907ae9eed3bb0",
                "network_interface_id": "",
                "transit_gateway_id": "",
                "vpc_endpoint_id": "",
                "vpc_peering_connection_id": ""
              }
            ],
            "tags": {
              "Environment": "dev",
              "Name": "focusflow-private-rt-dev"
            },
            "tags_all": {
              "Environment": "dev",
              "ManagedBy": "Terraform",
              "Name": "focusflow-private-rt-dev",
              "Project": "FocusFlow-AI"
            },
            "timeouts": null,
            "vpc_id": "vpc-01adc33242b5d4d5c"
          },
          "sensitive_attributes": [],
          "private": "eyJlMmJmYjczMC1lY2FhLTExZTYtOGY4OC0zNDM2M2JjN2M0YzAiOnsiY3JlYXRlIjozMDAwMDAwMDAwMDAsImRlbGV0ZSI6MzAwMDAwMDAwMDAwLCJ1cGRhdGUiOjEyMDAwMDAwMDAwMH19",
          "dependencies": [
            "module.vpc.aws_eip.nat",
            "module.vpc.aws_nat_gateway.main",
            "module.vpc.aws_subnet.public",
            "module.vpc.aws_vpc.main",
            "module.vpc.data.aws_availability_zones.available"
          ]
        }
      ]
    },
    {
      "module": "module.vpc",
      "mode": "managed",
      "type": "aws_route_table",
      "name": "public",
      "provider": "provider[\"registry.terraform.io/hashicorp/aws\"]",
      "instances": [
        {
          "schema_version": 0,
          "attributes": {
            "arn": "arn:aws:ec2:us-east-1:394686422000:route-table/rtb-04d905567c684bc0e",
            "id": "rtb-04d905567c684bc0e",
            "owner_id": "394686422000",
            "propagating_vgws": [],
            "route": [
              {
                "carrier_gateway_id": "",
                "cidr_block": "0.0.0.0/0",
                "core_network_arn": "",
                "destination_prefix_list_id": "",
                "egress_only_gateway_id": "",
                "gateway_id": "igw-0034c3f79d35bca73",
                "ipv6_cidr_block": "",
                "local_gateway_id": "",
                "nat_gateway_id": "",
                "network_interface_id": "",
                "transit_gateway_id": "",
                "vpc_endpoint_id": "",
                "vpc_peering_connection_id": ""
              }
            ],
            "tags": {
              "Environment": "dev",
              "Name": "focusflow-public-rt-dev"
            },
            "tags_all": {
              "Environment": "dev",
              "ManagedBy": "Terraform",
              "Name": "focusflow-public-rt-dev",
              "Project": "FocusFlow-AI"
            },
            "timeouts": null,
            "vpc_id": "vpc-01adc33242b5d4d5c"
          },
          "sensitive_attributes": [],
          "private": "eyJlMmJmYjczMC1lY2FhLTExZTYtOGY4OC0zNDM2M2JjN2M0YzAiOnsiY3JlYXRlIjozMDAwMDAwMDAwMDAsImRlbGV0ZSI6MzAwMDAwMDAwMDAwLCJ1cGRhdGUiOjEyMDAwMDAwMDAwMH19",
          "dependencies": [
            "module.vpc.aws_internet_gateway.main",
            "module.vpc.aws_vpc.main"
          ]
        }
      ]
    },
    {
      "module": "module.vpc",
      "mode": "managed",
      "type": "aws_route_table_association",
      "name": "private",
      "provider": "provider[\"registry.terraform.io/hashicorp/aws\"]",
      "instances": [
        {
          "index_key": 0,
          "schema_version": 0,
          "attributes": {
            "gateway_id": "",
            "id": "rtbassoc-097190bbc8a4c1be4",
            "route_table_id": "rtb-06c00d7404a93a460",
            "subnet_id": "subnet-0c72da709761d0204",
            "timeouts": null
          },
          "sensitive_attributes": [],
          "private": "eyJlMmJmYjczMC1lY2FhLTExZTYtOGY4OC0zNDM2M2JjN2M0YzAiOnsiY3JlYXRlIjozMDAwMDAwMDAwMDAsImRlbGV0ZSI6MzAwMDAwMDAwMDAwLCJ1cGRhdGUiOjEyMDAwMDAwMDAwMH19",
          "dependencies": [
            "module.vpc.aws_eip.nat",
            "module.vpc.aws_nat_gateway.main",
            "module.vpc.aws_route_table.private",
            "module.vpc.aws_subnet.private",
            "module.vpc.aws_subnet.public",
            "module.vpc.aws_vpc.main",
            "module.vpc.data.aws_availability_zones.available"
          ]
        },
        {
          "index_key": 1,
          "schema_version": 0,
          "attributes": {
            "gateway_id": "",
            "id": "rtbassoc-036531fbb7a806a6e",
            "route_table_id": "rtb-06c00d7404a93a460",
            "subnet_id": "subnet-0dd6ad8f01aa39598",
            "timeouts": null
          },
          "sensitive_attributes": [],
          "private": "eyJlMmJmYjczMC1lY2FhLTExZTYtOGY4OC0zNDM2M2JjN2M0YzAiOnsiY3JlYXRlIjozMDAwMDAwMDAwMDAsImRlbGV0ZSI6MzAwMDAwMDAwMDAwLCJ1cGRhdGUiOjEyMDAwMDAwMDAwMH19",
          "dependencies": [
            "module.vpc.aws_eip.nat",
            "module.vpc.aws_nat_gateway.main",
            "module.vpc.aws_route_table.private",
            "module.vpc.aws_subnet.private",
            "module.vpc.aws_subnet.public",
            "module.vpc.aws_vpc.main",
            "module.vpc.data.aws_availability_zones.available"
          ]
        }
      ]
    },
    {
      "module": "module.vpc",
      "mode": "managed",
      "type": "aws_route_table_association",
      "name": "public",
      "provider": "provider[\"registry.terraform.io/hashicorp/aws\"]",
      "instances": [
        {
          "index_key": 0,
          "schema_version": 0,
          "attributes": {
            "gateway_id": "",
            "id": "rtbassoc-032eedfcdfb66d4a5",
            "route_table_id": "rtb-04d905567c684bc0e",
            "subnet_id": "subnet-0925f9add09aca2ef",
            "timeouts": null
          },
          "sensitive_attributes": [],
          "private": "eyJlMmJmYjczMC1lY2FhLTExZTYtOGY4OC0zNDM2M2JjN2M0YzAiOnsiY3JlYXRlIjozMDAwMDAwMDAwMDAsImRlbGV0ZSI6MzAwMDAwMDAwMDAwLCJ1cGRhdGUiOjEyMDAwMDAwMDAwMH19",
          "dependencies": [
            "module.vpc.aws_internet_gateway.main",
            "module.vpc.aws_route_table.public",
            "module.vpc.aws_subnet.public",
            "module.vpc.aws_vpc.main",
            "module.vpc.data.aws_availability_zones.available"
          ]
        },
        {
          "index_key": 1,
          "schema_version": 0,
          "attributes": {
            "gateway_id": "",
            "id": "rtbassoc-0af4f5d585d565ae3",
            "route_table_id": "rtb-04d905567c684bc0e",
            "subnet_id": "subnet-05c426ec61812fb30",
            "timeouts": null
          },
          "sensitive_attributes": [],
          "private": "eyJlMmJmYjczMC1lY2FhLTExZTYtOGY4OC0zNDM2M2JjN2M0YzAiOnsiY3JlYXRlIjozMDAwMDAwMDAwMDAsImRlbGV0ZSI6MzAwMDAwMDAwMDAwLCJ1cGRhdGUiOjEyMDAwMDAwMDAwMH19",
          "dependencies": [
            "module.vpc.aws_internet_gateway.main",
            "module.vpc.aws_route_table.public",
            "module.vpc.aws_subnet.public",
            "module.vpc.aws_vpc.main",
            "module.vpc.data.aws_availability_zones.available"
          ]
        }
      ]
    },
    {
      "module": "module.vpc",
      "mode": "managed",
      "type": "aws_subnet",
      "name": "private",
      "provider": "provider[\"registry.terraform.io/hashicorp/aws\"]",
      "instances": [
        {
          "index_key": 0,
          "schema_version": 1,
          "attributes": {
            "arn": "arn:aws:ec2:us-east-1:394686422000:subnet/subnet-0c72da709761d0204",
            "assign_ipv6_address_on_creation": false,
            "availability_zone": "us-east-1a",
            "availability_zone_id": "use1-az1",
            "cidr_block": "10.0.32.0/20",
            "customer_owned_ipv4_pool": "",
            "enable_dns64": false,
            "enable_lni_at_device_index": 0,
            "enable_resource_name_dns_a_record_on_launch": false,
            "enable_resource_name_dns_aaaa_record_on_launch": false,
            "id": "subnet-0c72da709761d0204",
            "ipv6_cidr_block": "",
            "ipv6_cidr_block_association_id": "",
            "ipv6_native": false,
            "map_customer_owned_ip_on_launch": false,
            "map_public_ip_on_launch": false,
            "outpost_arn": "",
            "owner_id": "394686422000",
            "private_dns_hostname_type_on_launch": "ip-name",
            "tags": {
              "Environment": "dev",
              "Name": "focusflow-private-1-dev"
            },
            "tags_all": {
              "Environment": "dev",
              "ManagedBy": "Terraform",
              "Name": "focusflow-private-1-dev",
              "Project": "FocusFlow-AI"
            },
            "timeouts": null,
            "vpc_id": "vpc-01adc33242b5d4d5c"
          },
          "sensitive_attributes": [],
          "private": "eyJlMmJmYjczMC1lY2FhLTExZTYtOGY4OC0zNDM2M2JjN2M0YzAiOnsiY3JlYXRlIjo2MDAwMDAwMDAwMDAsImRlbGV0ZSI6MTIwMDAwMDAwMDAwMH0sInNjaGVtYV92ZXJzaW9uIjoiMSJ9",
          "dependencies": [
            "module.vpc.aws_vpc.main",
            "module.vpc.data.aws_availability_zones.available"
          ]
        },
        {
          "index_key": 1,
          "schema_version": 1,
          "attributes": {
            "arn": "arn:aws:ec2:us-east-1:394686422000:subnet/subnet-0dd6ad8f01aa39598",
            "assign_ipv6_address_on_creation": false,
            "availability_zone": "us-east-1b",
            "availability_zone_id": "use1-az2",
            "cidr_block": "10.0.48.0/20",
            "customer_owned_ipv4_pool": "",
            "enable_dns64": false,
            "enable_lni_at_device_index": 0,
            "enable_resource_name_dns_a_record_on_launch": false,
            "enable_resource_name_dns_aaaa_record_on_launch": false,
            "id": "subnet-0dd6ad8f01aa39598",
            "ipv6_cidr_block": "",
            "ipv6_cidr_block_association_id": "",
            "ipv6_native": false,
            "map_customer_owned_ip_on_launch": false,
            "map_public_ip_on_launch": false,
            "outpost_arn": "",
            "owner_id": "394686422000",
            "private_dns_hostname_type_on_launch": "ip-name",
            "tags": {
              "Environment": "dev",
              "Name": "focusflow-private-2-dev"
            },
            "tags_all": {
              "Environment": "dev",
              "ManagedBy": "Terraform",
              "Name": "focusflow-private-2-dev",
              "Project": "FocusFlow-AI"
            },
            "timeouts": null,
            "vpc_id": "vpc-01adc33242b5d4d5c"
          },
          "sensitive_attributes": [],
          "private": "eyJlMmJmYjczMC1lY2FhLTExZTYtOGY4OC0zNDM2M2JjN2M0YzAiOnsiY3JlYXRlIjo2MDAwMDAwMDAwMDAsImRlbGV0ZSI6MTIwMDAwMDAwMDAwMH0sInNjaGVtYV92ZXJzaW9uIjoiMSJ9",
          "dependencies": [
            "module.vpc.aws_vpc.main",
            "module.vpc.data.aws_availability_zones.available"
          ]
        }
      ]
    },
    {
      "module": "module.vpc",
      "mode": "managed",
      "type": "aws_subnet",
      "name": "public",
      "provider": "provider[\"registry.terraform.io/hashicorp/aws\"]",
      "instances": [
        {
          "index_key": 0,
          "schema_version": 1,
          "attributes": {
            "arn": "arn:aws:ec2:us-east-1:394686422000:subnet/subnet-0925f9add09aca2ef",
            "assign_ipv6_address_on_creation": false,
            "availability_zone": "us-east-1a",
            "availability_zone_id": "use1-az1",
            "cidr_block": "10.0.0.0/20",
            "customer_owned_ipv4_pool": "",
            "enable_dns64": false,
            "enable_lni_at_device_index": 0,
            "enable_resource_name_dns_a_record_on_launch": false,
            "enable_resource_name_dns_aaaa_record_on_launch": false,
            "id": "subnet-0925f9add09aca2ef",
            "ipv6_cidr_block": "",
            "ipv6_cidr_block_association_id": "",
            "ipv6_native": false,
            "map_customer_owned_ip_on_launch": false,
            "map_public_ip_on_launch": true,
            "outpost_arn": "",
            "owner_id": "394686422000",
            "private_dns_hostname_type_on_launch": "ip-name",
            "tags": {
              "Environment": "dev",
              "Name": "focusflow-public-1-dev"
            },
            "tags_all": {
              "Environment": "dev",
              "ManagedBy": "Terraform",
              "Name": "focusflow-public-1-dev",
              "Project": "FocusFlow-AI"
            },
            "timeouts": null,
            "vpc_id": "vpc-01adc33242b5d4d5c"
          },
          "sensitive_attributes": [],
          "private": "eyJlMmJmYjczMC1lY2FhLTExZTYtOGY4OC0zNDM2M2JjN2M0YzAiOnsiY3JlYXRlIjo2MDAwMDAwMDAwMDAsImRlbGV0ZSI6MTIwMDAwMDAwMDAwMH0sInNjaGVtYV92ZXJzaW9uIjoiMSJ9",
          "dependencies": [
            "module.vpc.aws_vpc.main",
            "module.vpc.data.aws_availability_zones.available"
          ]
        },
        {
          "index_key": 1,
          "schema_version": 1,
          "attributes": {
            "arn": "arn:aws:ec2:us-east-1:394686422000:subnet/subnet-05c426ec61812fb30",
            "assign_ipv6_address_on_creation": false,
            "availability_zone": "us-east-1b",
            "availability_zone_id": "use1-az2",
            "cidr_block": "10.0.16.0/20",
            "customer_owned_ipv4_pool": "",
            "enable_dns64": false,
            "enable_lni_at_device_index": 0,
            "enable_resource_name_dns_a_record_on_launch": false,
            "enable_resource_name_dns_aaaa_record_on_launch": false,
            "id": "subnet-05c426ec61812fb30",
            "ipv6_cidr_block": "",
            "ipv6_cidr_block_association_id": "",
            "ipv6_native": false,
            "map_customer_owned_ip_on_launch": false,
            "map_public_ip_on_launch": true,
            "outpost_arn": "",
            "owner_id": "394686422000",
            "private_dns_hostname_type_on_launch": "ip-name",
            "tags": {
              "Environment": "dev",
              "Name": "focusflow-public-2-dev"
            },
            "tags_all": {
              "Environment": "dev",
              "ManagedBy": "Terraform",
              "Name": "focusflow-public-2-dev",
              "Project": "FocusFlow-AI"
            },
            "timeouts": null,
            "vpc_id": "vpc-01adc33242b5d4d5c"
          },
          "sensitive_attributes": [],
          "private": "eyJlMmJmYjczMC1lY2FhLTExZTYtOGY4OC0zNDM2M2JjN2M0YzAiOnsiY3JlYXRlIjo2MDAwMDAwMDAwMDAsImRlbGV0ZSI6MTIwMDAwMDAwMDAwMH0sInNjaGVtYV92ZXJzaW9uIjoiMSJ9",
          "dependencies": [
            "module.vpc.aws_vpc.main",
            "module.vpc.data.aws_availability_zones.available"
          ]
        }
      ]
    },
    {
      "module": "module.vpc",
      "mode": "managed",
      "type": "aws_vpc",
      "name": "main",
      "provider": "provider[\"registry.terraform.io/hashicorp/aws\"]",
      "instances": [
        {
          "schema_version": 1,
          "attributes": {
            "arn": "arn:aws:ec2:us-east-1:394686422000:vpc/vpc-01adc33242b5d4d5c",
            "assign_generated_ipv6_cidr_block": false,
            "cidr_block": "10.0.0.0/16",
            "default_network_acl_id": "acl-09c802ec7a983e3ee",
            "default_route_table_id": "rtb-05b6590b6b4c07c6f",
            "default_security_group_id": "sg-09d4e691fb2618410",
            "dhcp_options_id": "dopt-0240d7e7e3d5049f2",
            "enable_dns_hostnames": true,
            "enable_dns_support": true,
            "enable_network_address_usage_metrics": false,
            "id": "vpc-01adc33242b5d4d5c",
            "instance_tenancy": "default",
            "ipv4_ipam_pool_id": null,
            "ipv4_netmask_length": null,
            "ipv6_association_id": "",
            "ipv6_cidr_block": "",
            "ipv6_cidr_block_network_border_group": "",
            "ipv6_ipam_pool_id": "",
            "ipv6_netmask_length": 0,
            "main_route_table_id": "rtb-05b6590b6b4c07c6f",
            "owner_id": "394686422000",
            "tags": {
              "Environment": "dev",
              "Name": "focusflow-vpc-dev"
            },
            "tags_all": {
              "Environment": "dev",
              "ManagedBy": "Terraform",
              "Name": "focusflow-vpc-dev",
              "Project": "FocusFlow-AI"
            }
          },
          "sensitive_attributes": [],
          "private": "eyJzY2hlbWFfdmVyc2lvbiI6IjEifQ=="
        }
      ]
    }
  ],
  "check_results": null
}
